<?xml version="1.0" encoding="utf-8"?>
<Project ToolsVersion="17.0" xmlns="http://schemas.microsoft.com/developer/msbuild/2003">
  <ItemGroup>
    <ClCompile Include="C:\Users\sergi\Desktop\mysql-connector-odbc-9.0.0\test\my_bug13766.c">
      <Filter>Source Files</Filter>
    </ClCompile>
  </ItemGroup>
  <ItemGroup>
    <ClInclude Include="C:\Users\sergi\Desktop\mysql-connector-odbc-9.0.0\test\odbctap.h">
      <Filter>Header Files</Filter>
    </ClInclude>
  </ItemGroup>
  <ItemGroup>
    <CustomBuild Include="C:\Users\sergi\Desktop\mysql-connector-odbc-9.0.0\CMakeFiles\68dce6f8e689f99f5bcb78d13b64ae7e\my_bug13766_version_info.rc.rule">
      <Filter>CMake Rules</Filter>
    </CustomBuild>
    <CustomBuild Include="C:\Users\sergi\Desktop\mysql-connector-odbc-9.0.0\test\CMakeLists.txt" />
  </ItemGroup>
  <ItemGroup>
    <ResourceCompile Include="C:\Users\sergi\Desktop\mysql-connector-odbc-9.0.0\test\my_bug13766_version_info.rc">
      <Filter>Source Files</Filter>
    </ResourceCompile>
  </ItemGroup>
  <ItemGroup>
    <Filter Include="CMake Rules">
      <UniqueIdentifier>{3F49118A-6AED-3374-A143-AF488A7BF43D}</UniqueIdentifier>
    </Filter>
    <Filter Include="Header Files">
      <UniqueIdentifier>{AA480B47-DB4E-38E2-97EB-247E905A167F}</UniqueIdentifier>
    </Filter>
    <Filter Include="Source Files">
      <UniqueIdentifier>{BC75A55F-6009-34DB-B874-49393A3EF652}</UniqueIdentifier>
    </Filter>
  </ItemGroup>
</Project>
