
Microsoft Visual Studio Solution File, Format Version 12.00
# Visual Studio Version 17
Project("{2150E333-8FDC-42A3-9474-1A3956D46DE8}") = "CMakePredefinedTargets", "CMakePredefinedTargets", "{2DBFC889-E74F-34AE-8BF1-49C1B117C0A7}"
EndProject
Project("{2150E333-8FDC-42A3-9474-1A3956D46DE8}") = "Misc", "Misc", "{4D52F4B0-6BA1-3974-88E7-E4E6888FABF8}"
EndProject
Project("{2150E333-8FDC-42A3-9474-1A3956D46DE8}") = "Tests", "Tests", "{7C27F0F8-88F5-3BE8-B69D-65259ACEA53A}"
EndProject
Project("{8BC9CEB8-8B4A-11D0-8D11-00A0C91BC942}") = "ALL_BUILD", "ALL_BUILD.vcxproj", "{B21C0CDB-A4BD-3BF4-B329-E2BD72D537E9}"
	ProjectSection(ProjectDependencies) = postProject
		{62598458-75DA-35AC-89CB-BA1845420AE0} = {62598458-75DA-35AC-89CB-BA1845420AE0}
		{5A5B3CFF-B62F-3EA5-8FC4-0C4155491753} = {5A5B3CFF-B62F-3EA5-8FC4-0C4155491753}
		{494D634B-74C2-3AAE-B2A7-5A48A0622842} = {494D634B-74C2-3AAE-B2A7-5A48A0622842}
		{E7513BF5-B9F2-390D-BB47-90345AAAB888} = {E7513BF5-B9F2-390D-BB47-90345AAAB888}
		{3A9F333C-5B1F-3937-A330-7C97779B8685} = {3A9F333C-5B1F-3937-A330-7C97779B8685}
		{0A22FC0A-BEC8-300E-BACB-F681BA5FF131} = {0A22FC0A-BEC8-300E-BACB-F681BA5FF131}
		{B83D84B0-DD44-36E8-822F-C9EAA17FB544} = {B83D84B0-DD44-36E8-822F-C9EAA17FB544}
		{CF984EF1-14B8-30F0-AE82-666A96A882D9} = {CF984EF1-14B8-30F0-AE82-666A96A882D9}
		{6AAE6B7F-8E6D-30D3-9C10-933459DBD519} = {6AAE6B7F-8E6D-30D3-9C10-933459DBD519}
		{00D0DF4D-BC89-3AFE-998B-0105AD143660} = {00D0DF4D-BC89-3AFE-998B-0105AD143660}
	EndProjectSection
EndProject
Project("{8BC9CEB8-8B4A-11D0-8D11-00A0C91BC942}") = "INSTALL", "INSTALL.vcxproj", "{C296DB7C-F094-328D-BC4E-F78F311727E6}"
	ProjectSection(ProjectDependencies) = postProject
		{B21C0CDB-A4BD-3BF4-B329-E2BD72D537E9} = {B21C0CDB-A4BD-3BF4-B329-E2BD72D537E9}
		{62598458-75DA-35AC-89CB-BA1845420AE0} = {62598458-75DA-35AC-89CB-BA1845420AE0}
	EndProjectSection
EndProject
Project("{8BC9CEB8-8B4A-11D0-8D11-00A0C91BC942}") = "PACKAGE", "PACKAGE.vcxproj", "{CF65A832-752C-3368-B7A7-CBC9753FB9FD}"
	ProjectSection(ProjectDependencies) = postProject
		{B21C0CDB-A4BD-3BF4-B329-E2BD72D537E9} = {B21C0CDB-A4BD-3BF4-B329-E2BD72D537E9}
		{62598458-75DA-35AC-89CB-BA1845420AE0} = {62598458-75DA-35AC-89CB-BA1845420AE0}
	EndProjectSection
EndProject
Project("{8BC9CEB8-8B4A-11D0-8D11-00A0C91BC942}") = "ZERO_CHECK", "ZERO_CHECK.vcxproj", "{62598458-75DA-35AC-89CB-BA1845420AE0}"
	ProjectSection(ProjectDependencies) = postProject
	EndProjectSection
EndProject
Project("{8BC9CEB8-8B4A-11D0-8D11-00A0C91BC942}") = "desodbc-a", "driver\desodbc-a.vcxproj", "{5A5B3CFF-B62F-3EA5-8FC4-0C4155491753}"
	ProjectSection(ProjectDependencies) = postProject
		{62598458-75DA-35AC-89CB-BA1845420AE0} = {62598458-75DA-35AC-89CB-BA1845420AE0}
		{3A9F333C-5B1F-3937-A330-7C97779B8685} = {3A9F333C-5B1F-3937-A330-7C97779B8685}
		{CF984EF1-14B8-30F0-AE82-666A96A882D9} = {CF984EF1-14B8-30F0-AE82-666A96A882D9}
		{6AAE6B7F-8E6D-30D3-9C10-933459DBD519} = {6AAE6B7F-8E6D-30D3-9C10-933459DBD519}
	EndProjectSection
EndProject
Project("{8BC9CEB8-8B4A-11D0-8D11-00A0C91BC942}") = "desodbc-installer", "installer\desodbc-installer.vcxproj", "{494D634B-74C2-3AAE-B2A7-5A48A0622842}"
	ProjectSection(ProjectDependencies) = postProject
		{62598458-75DA-35AC-89CB-BA1845420AE0} = {62598458-75DA-35AC-89CB-BA1845420AE0}
		{3A9F333C-5B1F-3937-A330-7C97779B8685} = {3A9F333C-5B1F-3937-A330-7C97779B8685}
		{CF984EF1-14B8-30F0-AE82-666A96A882D9} = {CF984EF1-14B8-30F0-AE82-666A96A882D9}
		{6AAE6B7F-8E6D-30D3-9C10-933459DBD519} = {6AAE6B7F-8E6D-30D3-9C10-933459DBD519}
	EndProjectSection
EndProject
Project("{8BC9CEB8-8B4A-11D0-8D11-00A0C91BC942}") = "desodbc-setup", "setupgui\desodbc-setup.vcxproj", "{E7513BF5-B9F2-390D-BB47-90345AAAB888}"
	ProjectSection(ProjectDependencies) = postProject
		{62598458-75DA-35AC-89CB-BA1845420AE0} = {62598458-75DA-35AC-89CB-BA1845420AE0}
		{3A9F333C-5B1F-3937-A330-7C97779B8685} = {3A9F333C-5B1F-3937-A330-7C97779B8685}
		{CF984EF1-14B8-30F0-AE82-666A96A882D9} = {CF984EF1-14B8-30F0-AE82-666A96A882D9}
		{6AAE6B7F-8E6D-30D3-9C10-933459DBD519} = {6AAE6B7F-8E6D-30D3-9C10-933459DBD519}
	EndProjectSection
EndProject
Project("{8BC9CEB8-8B4A-11D0-8D11-00A0C91BC942}") = "desodbc-util", "util\desodbc-util.vcxproj", "{3A9F333C-5B1F-3937-A330-7C97779B8685}"
	ProjectSection(ProjectDependencies) = postProject
		{62598458-75DA-35AC-89CB-BA1845420AE0} = {62598458-75DA-35AC-89CB-BA1845420AE0}
	EndProjectSection
EndProject
Project("{8BC9CEB8-8B4A-11D0-8D11-00A0C91BC942}") = "desodbc-w", "driver\desodbc-w.vcxproj", "{0A22FC0A-BEC8-300E-BACB-F681BA5FF131}"
	ProjectSection(ProjectDependencies) = postProject
		{62598458-75DA-35AC-89CB-BA1845420AE0} = {62598458-75DA-35AC-89CB-BA1845420AE0}
		{3A9F333C-5B1F-3937-A330-7C97779B8685} = {3A9F333C-5B1F-3937-A330-7C97779B8685}
		{CF984EF1-14B8-30F0-AE82-666A96A882D9} = {CF984EF1-14B8-30F0-AE82-666A96A882D9}
		{6AAE6B7F-8E6D-30D3-9C10-933459DBD519} = {6AAE6B7F-8E6D-30D3-9C10-933459DBD519}
	EndProjectSection
EndProject
Project("{8BC9CEB8-8B4A-11D0-8D11-00A0C91BC942}") = "dltest", "dltest\dltest.vcxproj", "{B83D84B0-DD44-36E8-822F-C9EAA17FB544}"
	ProjectSection(ProjectDependencies) = postProject
		{62598458-75DA-35AC-89CB-BA1845420AE0} = {62598458-75DA-35AC-89CB-BA1845420AE0}
	EndProjectSection
EndProject
Project("{8BC9CEB8-8B4A-11D0-8D11-00A0C91BC942}") = "mysql_strings", "mysql_strings\mysql_strings.vcxproj", "{CF984EF1-14B8-30F0-AE82-666A96A882D9}"
	ProjectSection(ProjectDependencies) = postProject
		{62598458-75DA-35AC-89CB-BA1845420AE0} = {62598458-75DA-35AC-89CB-BA1845420AE0}
		{00D0DF4D-BC89-3AFE-998B-0105AD143660} = {00D0DF4D-BC89-3AFE-998B-0105AD143660}
	EndProjectSection
EndProject
Project("{8BC9CEB8-8B4A-11D0-8D11-00A0C91BC942}") = "mysql_sys", "mysql_sys\mysql_sys.vcxproj", "{6AAE6B7F-8E6D-30D3-9C10-933459DBD519}"
	ProjectSection(ProjectDependencies) = postProject
		{62598458-75DA-35AC-89CB-BA1845420AE0} = {62598458-75DA-35AC-89CB-BA1845420AE0}
	EndProjectSection
EndProject
Project("{8BC9CEB8-8B4A-11D0-8D11-00A0C91BC942}") = "uca9dump", "mysql_strings\uca9dump.vcxproj", "{00D0DF4D-BC89-3AFE-998B-0105AD143660}"
	ProjectSection(ProjectDependencies) = postProject
		{62598458-75DA-35AC-89CB-BA1845420AE0} = {62598458-75DA-35AC-89CB-BA1845420AE0}
	EndProjectSection
EndProject
Global
	GlobalSection(SolutionConfigurationPlatforms) = preSolution
		Debug|x64 = Debug|x64
		Release|x64 = Release|x64
		MinSizeRel|x64 = MinSizeRel|x64
		RelWithDebInfo|x64 = RelWithDebInfo|x64
	EndGlobalSection
	GlobalSection(ProjectConfigurationPlatforms) = postSolution
		{B21C0CDB-A4BD-3BF4-B329-E2BD72D537E9}.Debug|x64.ActiveCfg = Debug|x64
		{B21C0CDB-A4BD-3BF4-B329-E2BD72D537E9}.Debug|x64.Build.0 = Debug|x64
		{B21C0CDB-A4BD-3BF4-B329-E2BD72D537E9}.Release|x64.ActiveCfg = Release|x64
		{B21C0CDB-A4BD-3BF4-B329-E2BD72D537E9}.Release|x64.Build.0 = Release|x64
		{B21C0CDB-A4BD-3BF4-B329-E2BD72D537E9}.MinSizeRel|x64.ActiveCfg = MinSizeRel|x64
		{B21C0CDB-A4BD-3BF4-B329-E2BD72D537E9}.MinSizeRel|x64.Build.0 = MinSizeRel|x64
		{B21C0CDB-A4BD-3BF4-B329-E2BD72D537E9}.RelWithDebInfo|x64.ActiveCfg = RelWithDebInfo|x64
		{B21C0CDB-A4BD-3BF4-B329-E2BD72D537E9}.RelWithDebInfo|x64.Build.0 = RelWithDebInfo|x64
		{C296DB7C-F094-328D-BC4E-F78F311727E6}.Debug|x64.ActiveCfg = Debug|x64
		{C296DB7C-F094-328D-BC4E-F78F311727E6}.Release|x64.ActiveCfg = Release|x64
		{C296DB7C-F094-328D-BC4E-F78F311727E6}.MinSizeRel|x64.ActiveCfg = MinSizeRel|x64
		{C296DB7C-F094-328D-BC4E-F78F311727E6}.RelWithDebInfo|x64.ActiveCfg = RelWithDebInfo|x64
		{CF65A832-752C-3368-B7A7-CBC9753FB9FD}.Debug|x64.ActiveCfg = Debug|x64
		{CF65A832-752C-3368-B7A7-CBC9753FB9FD}.Release|x64.ActiveCfg = Release|x64
		{CF65A832-752C-3368-B7A7-CBC9753FB9FD}.MinSizeRel|x64.ActiveCfg = MinSizeRel|x64
		{CF65A832-752C-3368-B7A7-CBC9753FB9FD}.RelWithDebInfo|x64.ActiveCfg = RelWithDebInfo|x64
		{62598458-75DA-35AC-89CB-BA1845420AE0}.Debug|x64.ActiveCfg = Debug|x64
		{62598458-75DA-35AC-89CB-BA1845420AE0}.Debug|x64.Build.0 = Debug|x64
		{62598458-75DA-35AC-89CB-BA1845420AE0}.Release|x64.ActiveCfg = Release|x64
		{62598458-75DA-35AC-89CB-BA1845420AE0}.Release|x64.Build.0 = Release|x64
		{62598458-75DA-35AC-89CB-BA1845420AE0}.MinSizeRel|x64.ActiveCfg = MinSizeRel|x64
		{62598458-75DA-35AC-89CB-BA1845420AE0}.MinSizeRel|x64.Build.0 = MinSizeRel|x64
		{62598458-75DA-35AC-89CB-BA1845420AE0}.RelWithDebInfo|x64.ActiveCfg = RelWithDebInfo|x64
		{62598458-75DA-35AC-89CB-BA1845420AE0}.RelWithDebInfo|x64.Build.0 = RelWithDebInfo|x64
		{5A5B3CFF-B62F-3EA5-8FC4-0C4155491753}.Debug|x64.ActiveCfg = Debug|x64
		{5A5B3CFF-B62F-3EA5-8FC4-0C4155491753}.Debug|x64.Build.0 = Debug|x64
		{5A5B3CFF-B62F-3EA5-8FC4-0C4155491753}.Release|x64.ActiveCfg = Release|x64
		{5A5B3CFF-B62F-3EA5-8FC4-0C4155491753}.Release|x64.Build.0 = Release|x64
		{5A5B3CFF-B62F-3EA5-8FC4-0C4155491753}.MinSizeRel|x64.ActiveCfg = MinSizeRel|x64
		{5A5B3CFF-B62F-3EA5-8FC4-0C4155491753}.MinSizeRel|x64.Build.0 = MinSizeRel|x64
		{5A5B3CFF-B62F-3EA5-8FC4-0C4155491753}.RelWithDebInfo|x64.ActiveCfg = RelWithDebInfo|x64
		{5A5B3CFF-B62F-3EA5-8FC4-0C4155491753}.RelWithDebInfo|x64.Build.0 = RelWithDebInfo|x64
		{494D634B-74C2-3AAE-B2A7-5A48A0622842}.Debug|x64.ActiveCfg = Debug|x64
		{494D634B-74C2-3AAE-B2A7-5A48A0622842}.Debug|x64.Build.0 = Debug|x64
		{494D634B-74C2-3AAE-B2A7-5A48A0622842}.Release|x64.ActiveCfg = Release|x64
		{494D634B-74C2-3AAE-B2A7-5A48A0622842}.Release|x64.Build.0 = Release|x64
		{494D634B-74C2-3AAE-B2A7-5A48A0622842}.MinSizeRel|x64.ActiveCfg = MinSizeRel|x64
		{494D634B-74C2-3AAE-B2A7-5A48A0622842}.MinSizeRel|x64.Build.0 = MinSizeRel|x64
		{494D634B-74C2-3AAE-B2A7-5A48A0622842}.RelWithDebInfo|x64.ActiveCfg = RelWithDebInfo|x64
		{494D634B-74C2-3AAE-B2A7-5A48A0622842}.RelWithDebInfo|x64.Build.0 = RelWithDebInfo|x64
		{E7513BF5-B9F2-390D-BB47-90345AAAB888}.Debug|x64.ActiveCfg = Debug|x64
		{E7513BF5-B9F2-390D-BB47-90345AAAB888}.Debug|x64.Build.0 = Debug|x64
		{E7513BF5-B9F2-390D-BB47-90345AAAB888}.Release|x64.ActiveCfg = Release|x64
		{E7513BF5-B9F2-390D-BB47-90345AAAB888}.Release|x64.Build.0 = Release|x64
		{E7513BF5-B9F2-390D-BB47-90345AAAB888}.MinSizeRel|x64.ActiveCfg = MinSizeRel|x64
		{E7513BF5-B9F2-390D-BB47-90345AAAB888}.MinSizeRel|x64.Build.0 = MinSizeRel|x64
		{E7513BF5-B9F2-390D-BB47-90345AAAB888}.RelWithDebInfo|x64.ActiveCfg = RelWithDebInfo|x64
		{E7513BF5-B9F2-390D-BB47-90345AAAB888}.RelWithDebInfo|x64.Build.0 = RelWithDebInfo|x64
		{3A9F333C-5B1F-3937-A330-7C97779B8685}.Debug|x64.ActiveCfg = Debug|x64
		{3A9F333C-5B1F-3937-A330-7C97779B8685}.Debug|x64.Build.0 = Debug|x64
		{3A9F333C-5B1F-3937-A330-7C97779B8685}.Release|x64.ActiveCfg = Release|x64
		{3A9F333C-5B1F-3937-A330-7C97779B8685}.Release|x64.Build.0 = Release|x64
		{3A9F333C-5B1F-3937-A330-7C97779B8685}.MinSizeRel|x64.ActiveCfg = MinSizeRel|x64
		{3A9F333C-5B1F-3937-A330-7C97779B8685}.MinSizeRel|x64.Build.0 = MinSizeRel|x64
		{3A9F333C-5B1F-3937-A330-7C97779B8685}.RelWithDebInfo|x64.ActiveCfg = RelWithDebInfo|x64
		{3A9F333C-5B1F-3937-A330-7C97779B8685}.RelWithDebInfo|x64.Build.0 = RelWithDebInfo|x64
		{0A22FC0A-BEC8-300E-BACB-F681BA5FF131}.Debug|x64.ActiveCfg = Debug|x64
		{0A22FC0A-BEC8-300E-BACB-F681BA5FF131}.Debug|x64.Build.0 = Debug|x64
		{0A22FC0A-BEC8-300E-BACB-F681BA5FF131}.Release|x64.ActiveCfg = Release|x64
		{0A22FC0A-BEC8-300E-BACB-F681BA5FF131}.Release|x64.Build.0 = Release|x64
		{0A22FC0A-BEC8-300E-BACB-F681BA5FF131}.MinSizeRel|x64.ActiveCfg = MinSizeRel|x64
		{0A22FC0A-BEC8-300E-BACB-F681BA5FF131}.MinSizeRel|x64.Build.0 = MinSizeRel|x64
		{0A22FC0A-BEC8-300E-BACB-F681BA5FF131}.RelWithDebInfo|x64.ActiveCfg = RelWithDebInfo|x64
		{0A22FC0A-BEC8-300E-BACB-F681BA5FF131}.RelWithDebInfo|x64.Build.0 = RelWithDebInfo|x64
		{B83D84B0-DD44-36E8-822F-C9EAA17FB544}.Debug|x64.ActiveCfg = Debug|x64
		{B83D84B0-DD44-36E8-822F-C9EAA17FB544}.Debug|x64.Build.0 = Debug|x64
		{B83D84B0-DD44-36E8-822F-C9EAA17FB544}.Release|x64.ActiveCfg = Release|x64
		{B83D84B0-DD44-36E8-822F-C9EAA17FB544}.Release|x64.Build.0 = Release|x64
		{B83D84B0-DD44-36E8-822F-C9EAA17FB544}.MinSizeRel|x64.ActiveCfg = MinSizeRel|x64
		{B83D84B0-DD44-36E8-822F-C9EAA17FB544}.MinSizeRel|x64.Build.0 = MinSizeRel|x64
		{B83D84B0-DD44-36E8-822F-C9EAA17FB544}.RelWithDebInfo|x64.ActiveCfg = RelWithDebInfo|x64
		{B83D84B0-DD44-36E8-822F-C9EAA17FB544}.RelWithDebInfo|x64.Build.0 = RelWithDebInfo|x64
		{CF984EF1-14B8-30F0-AE82-666A96A882D9}.Debug|x64.ActiveCfg = Debug|x64
		{CF984EF1-14B8-30F0-AE82-666A96A882D9}.Debug|x64.Build.0 = Debug|x64
		{CF984EF1-14B8-30F0-AE82-666A96A882D9}.Release|x64.ActiveCfg = Release|x64
		{CF984EF1-14B8-30F0-AE82-666A96A882D9}.Release|x64.Build.0 = Release|x64
		{CF984EF1-14B8-30F0-AE82-666A96A882D9}.MinSizeRel|x64.ActiveCfg = MinSizeRel|x64
		{CF984EF1-14B8-30F0-AE82-666A96A882D9}.MinSizeRel|x64.Build.0 = MinSizeRel|x64
		{CF984EF1-14B8-30F0-AE82-666A96A882D9}.RelWithDebInfo|x64.ActiveCfg = RelWithDebInfo|x64
		{CF984EF1-14B8-30F0-AE82-666A96A882D9}.RelWithDebInfo|x64.Build.0 = RelWithDebInfo|x64
		{6AAE6B7F-8E6D-30D3-9C10-933459DBD519}.Debug|x64.ActiveCfg = Debug|x64
		{6AAE6B7F-8E6D-30D3-9C10-933459DBD519}.Debug|x64.Build.0 = Debug|x64
		{6AAE6B7F-8E6D-30D3-9C10-933459DBD519}.Release|x64.ActiveCfg = Release|x64
		{6AAE6B7F-8E6D-30D3-9C10-933459DBD519}.Release|x64.Build.0 = Release|x64
		{6AAE6B7F-8E6D-30D3-9C10-933459DBD519}.MinSizeRel|x64.ActiveCfg = MinSizeRel|x64
		{6AAE6B7F-8E6D-30D3-9C10-933459DBD519}.MinSizeRel|x64.Build.0 = MinSizeRel|x64
		{6AAE6B7F-8E6D-30D3-9C10-933459DBD519}.RelWithDebInfo|x64.ActiveCfg = RelWithDebInfo|x64
		{6AAE6B7F-8E6D-30D3-9C10-933459DBD519}.RelWithDebInfo|x64.Build.0 = RelWithDebInfo|x64
		{00D0DF4D-BC89-3AFE-998B-0105AD143660}.Debug|x64.ActiveCfg = Debug|x64
		{00D0DF4D-BC89-3AFE-998B-0105AD143660}.Debug|x64.Build.0 = Debug|x64
		{00D0DF4D-BC89-3AFE-998B-0105AD143660}.Release|x64.ActiveCfg = Release|x64
		{00D0DF4D-BC89-3AFE-998B-0105AD143660}.Release|x64.Build.0 = Release|x64
		{00D0DF4D-BC89-3AFE-998B-0105AD143660}.MinSizeRel|x64.ActiveCfg = MinSizeRel|x64
		{00D0DF4D-BC89-3AFE-998B-0105AD143660}.MinSizeRel|x64.Build.0 = MinSizeRel|x64
		{00D0DF4D-BC89-3AFE-998B-0105AD143660}.RelWithDebInfo|x64.ActiveCfg = RelWithDebInfo|x64
		{00D0DF4D-BC89-3AFE-998B-0105AD143660}.RelWithDebInfo|x64.Build.0 = RelWithDebInfo|x64
	EndGlobalSection
	GlobalSection(NestedProjects) = preSolution
		{B21C0CDB-A4BD-3BF4-B329-E2BD72D537E9} = {2DBFC889-E74F-34AE-8BF1-49C1B117C0A7}
		{C296DB7C-F094-328D-BC4E-F78F311727E6} = {2DBFC889-E74F-34AE-8BF1-49C1B117C0A7}
		{CF65A832-752C-3368-B7A7-CBC9753FB9FD} = {2DBFC889-E74F-34AE-8BF1-49C1B117C0A7}
		{62598458-75DA-35AC-89CB-BA1845420AE0} = {2DBFC889-E74F-34AE-8BF1-49C1B117C0A7}
		{3A9F333C-5B1F-3937-A330-7C97779B8685} = {4D52F4B0-6BA1-3974-88E7-E4E6888FABF8}
		{CF984EF1-14B8-30F0-AE82-666A96A882D9} = {4D52F4B0-6BA1-3974-88E7-E4E6888FABF8}
		{6AAE6B7F-8E6D-30D3-9C10-933459DBD519} = {4D52F4B0-6BA1-3974-88E7-E4E6888FABF8}
		{00D0DF4D-BC89-3AFE-998B-0105AD143660} = {4D52F4B0-6BA1-3974-88E7-E4E6888FABF8}
		{B83D84B0-DD44-36E8-822F-C9EAA17FB544} = {7C27F0F8-88F5-3BE8-B69D-65259ACEA53A}
	EndGlobalSection
	GlobalSection(ExtensibilityGlobals) = postSolution
		SolutionGuid = {570AB25B-D3A6-370E-9154-DFBC9672CE70}
	EndGlobalSection
	GlobalSection(ExtensibilityAddIns) = postSolution
	EndGlobalSection
EndGlobal
