
Microsoft Visual Studio Solution File, Format Version 12.00
# Visual Studio Version 17
Project("{2150E333-8FDC-42A3-9474-1A3956D46DE8}") = "CMakePredefinedTargets", "CMakePredefinedTargets", "{2DBFC889-E74F-34AE-8BF1-49C1B117C0A7}"
EndProject
Project("{2150E333-8FDC-42A3-9474-1A3956D46DE8}") = "Misc", "Misc", "{4D52F4B0-6BA1-3974-88E7-E4E6888FABF8}"
EndProject
Project("{2150E333-8FDC-42A3-9474-1A3956D46DE8}") = "Tests", "Tests", "{7C27F0F8-88F5-3BE8-B69D-65259ACEA53A}"
EndProject
Project("{8BC9CEB8-8B4A-11D0-8D11-00A0C91BC942}") = "ALL_BUILD", "ALL_BUILD.vcxproj", "{B21C0CDB-A4BD-3BF4-B329-E2BD72D537E9}"
	ProjectSection(ProjectDependencies) = postProject
		{62598458-75DA-35AC-89CB-BA1845420AE0} = {62598458-75DA-35AC-89CB-BA1845420AE0}
		{B83D84B0-DD44-36E8-822F-C9EAA17FB544} = {B83D84B0-DD44-36E8-822F-C9EAA17FB544}
		{D50ED7DF-619E-38F1-8206-6866853CF3BE} = {D50ED7DF-619E-38F1-8206-6866853CF3BE}
		{5E354EE1-6714-3C83-B834-D3729ABDA03B} = {5E354EE1-6714-3C83-B834-D3729ABDA03B}
		{11E49060-6A5F-3B89-BF2D-8B4D5BE6CDFA} = {11E49060-6A5F-3B89-BF2D-8B4D5BE6CDFA}
		{77834251-6AB8-3943-BACC-8CC231A0D8BE} = {77834251-6AB8-3943-BACC-8CC231A0D8BE}
		{E269AD13-09C8-3E6F-80D9-4DCF80B08326} = {E269AD13-09C8-3E6F-80D9-4DCF80B08326}
		{62F36BC7-217A-3834-8A90-A91F07FFE2AD} = {62F36BC7-217A-3834-8A90-A91F07FFE2AD}
		{3D9CF152-BF6E-373D-8523-C81A74BC6F31} = {3D9CF152-BF6E-373D-8523-C81A74BC6F31}
		{CE8287AD-9183-386F-86F0-5F62BAADDACE} = {CE8287AD-9183-386F-86F0-5F62BAADDACE}
		{6388C968-7078-3FAC-8DB2-F36CBCBD724E} = {6388C968-7078-3FAC-8DB2-F36CBCBD724E}
		{902C2A07-61F9-3DA9-BD4A-BA5835302286} = {902C2A07-61F9-3DA9-BD4A-BA5835302286}
		{161E00E5-AC80-3418-B097-5F12C810C7B3} = {161E00E5-AC80-3418-B097-5F12C810C7B3}
		{C12EB5A0-B179-3B32-9503-651D5346D6A4} = {C12EB5A0-B179-3B32-9503-651D5346D6A4}
		{C34E7A52-0A8E-3D06-908F-4BE749942F6E} = {C34E7A52-0A8E-3D06-908F-4BE749942F6E}
		{102B8C0D-6BBC-378C-ABD6-A773FEAEAC3F} = {102B8C0D-6BBC-378C-ABD6-A773FEAEAC3F}
		{78A70877-61DA-3661-8521-F864E3FF559D} = {78A70877-61DA-3661-8521-F864E3FF559D}
		{A13DD843-54C4-32C6-9EB9-77BEBE90F454} = {A13DD843-54C4-32C6-9EB9-77BEBE90F454}
		{B3EC5340-C9C9-3F2F-B2BD-38D54AC30257} = {B3EC5340-C9C9-3F2F-B2BD-38D54AC30257}
		{5B66B555-6AB2-3F4C-B42F-99C22A13BECC} = {5B66B555-6AB2-3F4C-B42F-99C22A13BECC}
		{7C938AAD-CE3D-3258-B8EE-47B1F7D6E91F} = {7C938AAD-CE3D-3258-B8EE-47B1F7D6E91F}
		{40D74CC4-F9D2-3E75-AFB1-EA390445777E} = {40D74CC4-F9D2-3E75-AFB1-EA390445777E}
		{C20D33DA-0AB1-3205-A649-F2EEAC448B6D} = {C20D33DA-0AB1-3205-A649-F2EEAC448B6D}
		{D2681681-FAE4-3BEE-988B-373E74F8F645} = {D2681681-FAE4-3BEE-988B-373E74F8F645}
		{D6E62CF8-1F87-34C3-8FE5-57CCCD57B85D} = {D6E62CF8-1F87-34C3-8FE5-57CCCD57B85D}
		{C61DDD0D-0C14-3DE0-AE97-50FBF4A77D47} = {C61DDD0D-0C14-3DE0-AE97-50FBF4A77D47}
		{6C18BF0E-4A2D-3B08-A01A-BB8463F168FC} = {6C18BF0E-4A2D-3B08-A01A-BB8463F168FC}
		{4AC34A6B-7F46-37C3-805F-9F8ADFDB4573} = {4AC34A6B-7F46-37C3-805F-9F8ADFDB4573}
		{59BBFEB1-A318-3018-95AC-C3E7756D4CE9} = {59BBFEB1-A318-3018-95AC-C3E7756D4CE9}
		{B0DE85FB-D9D5-3A6F-9570-0B9B8610AE9F} = {B0DE85FB-D9D5-3A6F-9570-0B9B8610AE9F}
		{88B1435C-9E8D-3325-8704-216CA4B281D0} = {88B1435C-9E8D-3325-8704-216CA4B281D0}
		{7288FB4C-102C-3942-96CF-9B14199A5D4E} = {7288FB4C-102C-3942-96CF-9B14199A5D4E}
		{7295F4CD-D3CE-3AD4-99A2-6098DB56C2D3} = {7295F4CD-D3CE-3AD4-99A2-6098DB56C2D3}
		{A7FD3384-EF1B-3DC3-ABBD-90EE11BA266E} = {A7FD3384-EF1B-3DC3-ABBD-90EE11BA266E}
		{AA7B86A7-A53E-31F8-931A-CD0A78D2CF6A} = {AA7B86A7-A53E-31F8-931A-CD0A78D2CF6A}
		{027C29EF-2346-3710-80F2-D35A3E62A856} = {027C29EF-2346-3710-80F2-D35A3E62A856}
		{D9859171-23AB-3ED3-B564-CFEC9F59FB31} = {D9859171-23AB-3ED3-B564-CFEC9F59FB31}
		{73EE138A-B56B-39F8-A53A-6AB626EC16F6} = {73EE138A-B56B-39F8-A53A-6AB626EC16F6}
		{9707BA8F-99AC-366B-A473-6411D3B7C0F8} = {9707BA8F-99AC-366B-A473-6411D3B7C0F8}
		{E77C9C84-373F-3923-930B-326CB53E3202} = {E77C9C84-373F-3923-930B-326CB53E3202}
		{250B6E04-23F4-31AC-80FF-646C86C43FCB} = {250B6E04-23F4-31AC-80FF-646C86C43FCB}
		{CF984EF1-14B8-30F0-AE82-666A96A882D9} = {CF984EF1-14B8-30F0-AE82-666A96A882D9}
		{6AAE6B7F-8E6D-30D3-9C10-933459DBD519} = {6AAE6B7F-8E6D-30D3-9C10-933459DBD519}
		{00D0DF4D-BC89-3AFE-998B-0105AD143660} = {00D0DF4D-BC89-3AFE-998B-0105AD143660}
	EndProjectSection
EndProject
Project("{8BC9CEB8-8B4A-11D0-8D11-00A0C91BC942}") = "INSTALL", "INSTALL.vcxproj", "{C296DB7C-F094-328D-BC4E-F78F311727E6}"
	ProjectSection(ProjectDependencies) = postProject
		{B21C0CDB-A4BD-3BF4-B329-E2BD72D537E9} = {B21C0CDB-A4BD-3BF4-B329-E2BD72D537E9}
		{62598458-75DA-35AC-89CB-BA1845420AE0} = {62598458-75DA-35AC-89CB-BA1845420AE0}
	EndProjectSection
EndProject
Project("{8BC9CEB8-8B4A-11D0-8D11-00A0C91BC942}") = "PACKAGE", "PACKAGE.vcxproj", "{CF65A832-752C-3368-B7A7-CBC9753FB9FD}"
	ProjectSection(ProjectDependencies) = postProject
		{B21C0CDB-A4BD-3BF4-B329-E2BD72D537E9} = {B21C0CDB-A4BD-3BF4-B329-E2BD72D537E9}
		{62598458-75DA-35AC-89CB-BA1845420AE0} = {62598458-75DA-35AC-89CB-BA1845420AE0}
	EndProjectSection
EndProject
Project("{8BC9CEB8-8B4A-11D0-8D11-00A0C91BC942}") = "ZERO_CHECK", "ZERO_CHECK.vcxproj", "{62598458-75DA-35AC-89CB-BA1845420AE0}"
	ProjectSection(ProjectDependencies) = postProject
	EndProjectSection
EndProject
Project("{8BC9CEB8-8B4A-11D0-8D11-00A0C91BC942}") = "dltest", "dltest\dltest.vcxproj", "{B83D84B0-DD44-36E8-822F-C9EAA17FB544}"
	ProjectSection(ProjectDependencies) = postProject
		{62598458-75DA-35AC-89CB-BA1845420AE0} = {62598458-75DA-35AC-89CB-BA1845420AE0}
	EndProjectSection
EndProject
Project("{8BC9CEB8-8B4A-11D0-8D11-00A0C91BC942}") = "generate_test_config_files", "test\generate_test_config_files.vcxproj", "{6EF5805D-3CA1-3C85-9FE2-8790EB056C15}"
	ProjectSection(ProjectDependencies) = postProject
		{62598458-75DA-35AC-89CB-BA1845420AE0} = {62598458-75DA-35AC-89CB-BA1845420AE0}
		{D9859171-23AB-3ED3-B564-CFEC9F59FB31} = {D9859171-23AB-3ED3-B564-CFEC9F59FB31}
		{250B6E04-23F4-31AC-80FF-646C86C43FCB} = {250B6E04-23F4-31AC-80FF-646C86C43FCB}
	EndProjectSection
EndProject
Project("{8BC9CEB8-8B4A-11D0-8D11-00A0C91BC942}") = "my_auth", "test\my_auth.vcxproj", "{D50ED7DF-619E-38F1-8206-6866853CF3BE}"
	ProjectSection(ProjectDependencies) = postProject
		{62598458-75DA-35AC-89CB-BA1845420AE0} = {62598458-75DA-35AC-89CB-BA1845420AE0}
		{6EF5805D-3CA1-3C85-9FE2-8790EB056C15} = {6EF5805D-3CA1-3C85-9FE2-8790EB056C15}
		{E77C9C84-373F-3923-930B-326CB53E3202} = {E77C9C84-373F-3923-930B-326CB53E3202}
	EndProjectSection
EndProject
Project("{8BC9CEB8-8B4A-11D0-8D11-00A0C91BC942}") = "my_basics", "test\my_basics.vcxproj", "{5E354EE1-6714-3C83-B834-D3729ABDA03B}"
	ProjectSection(ProjectDependencies) = postProject
		{62598458-75DA-35AC-89CB-BA1845420AE0} = {62598458-75DA-35AC-89CB-BA1845420AE0}
		{6EF5805D-3CA1-3C85-9FE2-8790EB056C15} = {6EF5805D-3CA1-3C85-9FE2-8790EB056C15}
		{E77C9C84-373F-3923-930B-326CB53E3202} = {E77C9C84-373F-3923-930B-326CB53E3202}
	EndProjectSection
EndProject
Project("{8BC9CEB8-8B4A-11D0-8D11-00A0C91BC942}") = "my_blob", "test\my_blob.vcxproj", "{11E49060-6A5F-3B89-BF2D-8B4D5BE6CDFA}"
	ProjectSection(ProjectDependencies) = postProject
		{62598458-75DA-35AC-89CB-BA1845420AE0} = {62598458-75DA-35AC-89CB-BA1845420AE0}
		{6EF5805D-3CA1-3C85-9FE2-8790EB056C15} = {6EF5805D-3CA1-3C85-9FE2-8790EB056C15}
		{E77C9C84-373F-3923-930B-326CB53E3202} = {E77C9C84-373F-3923-930B-326CB53E3202}
	EndProjectSection
EndProject
Project("{8BC9CEB8-8B4A-11D0-8D11-00A0C91BC942}") = "my_bug13766", "test\my_bug13766.vcxproj", "{77834251-6AB8-3943-BACC-8CC231A0D8BE}"
	ProjectSection(ProjectDependencies) = postProject
		{62598458-75DA-35AC-89CB-BA1845420AE0} = {62598458-75DA-35AC-89CB-BA1845420AE0}
		{6EF5805D-3CA1-3C85-9FE2-8790EB056C15} = {6EF5805D-3CA1-3C85-9FE2-8790EB056C15}
		{E77C9C84-373F-3923-930B-326CB53E3202} = {E77C9C84-373F-3923-930B-326CB53E3202}
	EndProjectSection
EndProject
Project("{8BC9CEB8-8B4A-11D0-8D11-00A0C91BC942}") = "my_bulk", "test\my_bulk.vcxproj", "{E269AD13-09C8-3E6F-80D9-4DCF80B08326}"
	ProjectSection(ProjectDependencies) = postProject
		{62598458-75DA-35AC-89CB-BA1845420AE0} = {62598458-75DA-35AC-89CB-BA1845420AE0}
		{6EF5805D-3CA1-3C85-9FE2-8790EB056C15} = {6EF5805D-3CA1-3C85-9FE2-8790EB056C15}
		{E77C9C84-373F-3923-930B-326CB53E3202} = {E77C9C84-373F-3923-930B-326CB53E3202}
	EndProjectSection
EndProject
Project("{8BC9CEB8-8B4A-11D0-8D11-00A0C91BC942}") = "my_catalog1", "test\my_catalog1.vcxproj", "{62F36BC7-217A-3834-8A90-A91F07FFE2AD}"
	ProjectSection(ProjectDependencies) = postProject
		{62598458-75DA-35AC-89CB-BA1845420AE0} = {62598458-75DA-35AC-89CB-BA1845420AE0}
		{6EF5805D-3CA1-3C85-9FE2-8790EB056C15} = {6EF5805D-3CA1-3C85-9FE2-8790EB056C15}
		{E77C9C84-373F-3923-930B-326CB53E3202} = {E77C9C84-373F-3923-930B-326CB53E3202}
	EndProjectSection
EndProject
Project("{8BC9CEB8-8B4A-11D0-8D11-00A0C91BC942}") = "my_catalog2", "test\my_catalog2.vcxproj", "{3D9CF152-BF6E-373D-8523-C81A74BC6F31}"
	ProjectSection(ProjectDependencies) = postProject
		{62598458-75DA-35AC-89CB-BA1845420AE0} = {62598458-75DA-35AC-89CB-BA1845420AE0}
		{6EF5805D-3CA1-3C85-9FE2-8790EB056C15} = {6EF5805D-3CA1-3C85-9FE2-8790EB056C15}
		{E77C9C84-373F-3923-930B-326CB53E3202} = {E77C9C84-373F-3923-930B-326CB53E3202}
	EndProjectSection
EndProject
Project("{8BC9CEB8-8B4A-11D0-8D11-00A0C91BC942}") = "my_catalog3", "test\my_catalog3.vcxproj", "{CE8287AD-9183-386F-86F0-5F62BAADDACE}"
	ProjectSection(ProjectDependencies) = postProject
		{62598458-75DA-35AC-89CB-BA1845420AE0} = {62598458-75DA-35AC-89CB-BA1845420AE0}
		{6EF5805D-3CA1-3C85-9FE2-8790EB056C15} = {6EF5805D-3CA1-3C85-9FE2-8790EB056C15}
		{E77C9C84-373F-3923-930B-326CB53E3202} = {E77C9C84-373F-3923-930B-326CB53E3202}
	EndProjectSection
EndProject
Project("{8BC9CEB8-8B4A-11D0-8D11-00A0C91BC942}") = "my_crash", "test\my_crash.vcxproj", "{6388C968-7078-3FAC-8DB2-F36CBCBD724E}"
	ProjectSection(ProjectDependencies) = postProject
		{62598458-75DA-35AC-89CB-BA1845420AE0} = {62598458-75DA-35AC-89CB-BA1845420AE0}
		{6EF5805D-3CA1-3C85-9FE2-8790EB056C15} = {6EF5805D-3CA1-3C85-9FE2-8790EB056C15}
		{E77C9C84-373F-3923-930B-326CB53E3202} = {E77C9C84-373F-3923-930B-326CB53E3202}
	EndProjectSection
EndProject
Project("{8BC9CEB8-8B4A-11D0-8D11-00A0C91BC942}") = "my_curext", "test\my_curext.vcxproj", "{902C2A07-61F9-3DA9-BD4A-BA5835302286}"
	ProjectSection(ProjectDependencies) = postProject
		{62598458-75DA-35AC-89CB-BA1845420AE0} = {62598458-75DA-35AC-89CB-BA1845420AE0}
		{6EF5805D-3CA1-3C85-9FE2-8790EB056C15} = {6EF5805D-3CA1-3C85-9FE2-8790EB056C15}
		{E77C9C84-373F-3923-930B-326CB53E3202} = {E77C9C84-373F-3923-930B-326CB53E3202}
	EndProjectSection
EndProject
Project("{8BC9CEB8-8B4A-11D0-8D11-00A0C91BC942}") = "my_cursor", "test\my_cursor.vcxproj", "{161E00E5-AC80-3418-B097-5F12C810C7B3}"
	ProjectSection(ProjectDependencies) = postProject
		{62598458-75DA-35AC-89CB-BA1845420AE0} = {62598458-75DA-35AC-89CB-BA1845420AE0}
		{6EF5805D-3CA1-3C85-9FE2-8790EB056C15} = {6EF5805D-3CA1-3C85-9FE2-8790EB056C15}
		{E77C9C84-373F-3923-930B-326CB53E3202} = {E77C9C84-373F-3923-930B-326CB53E3202}
	EndProjectSection
EndProject
Project("{8BC9CEB8-8B4A-11D0-8D11-00A0C91BC942}") = "my_data", "test\my_data.vcxproj", "{C12EB5A0-B179-3B32-9503-651D5346D6A4}"
	ProjectSection(ProjectDependencies) = postProject
		{62598458-75DA-35AC-89CB-BA1845420AE0} = {62598458-75DA-35AC-89CB-BA1845420AE0}
		{6EF5805D-3CA1-3C85-9FE2-8790EB056C15} = {6EF5805D-3CA1-3C85-9FE2-8790EB056C15}
		{E77C9C84-373F-3923-930B-326CB53E3202} = {E77C9C84-373F-3923-930B-326CB53E3202}
	EndProjectSection
EndProject
Project("{8BC9CEB8-8B4A-11D0-8D11-00A0C91BC942}") = "my_datetime", "test\my_datetime.vcxproj", "{C34E7A52-0A8E-3D06-908F-4BE749942F6E}"
	ProjectSection(ProjectDependencies) = postProject
		{62598458-75DA-35AC-89CB-BA1845420AE0} = {62598458-75DA-35AC-89CB-BA1845420AE0}
		{6EF5805D-3CA1-3C85-9FE2-8790EB056C15} = {6EF5805D-3CA1-3C85-9FE2-8790EB056C15}
		{E77C9C84-373F-3923-930B-326CB53E3202} = {E77C9C84-373F-3923-930B-326CB53E3202}
	EndProjectSection
EndProject
Project("{8BC9CEB8-8B4A-11D0-8D11-00A0C91BC942}") = "my_desc", "test\my_desc.vcxproj", "{102B8C0D-6BBC-378C-ABD6-A773FEAEAC3F}"
	ProjectSection(ProjectDependencies) = postProject
		{62598458-75DA-35AC-89CB-BA1845420AE0} = {62598458-75DA-35AC-89CB-BA1845420AE0}
		{6EF5805D-3CA1-3C85-9FE2-8790EB056C15} = {6EF5805D-3CA1-3C85-9FE2-8790EB056C15}
		{E77C9C84-373F-3923-930B-326CB53E3202} = {E77C9C84-373F-3923-930B-326CB53E3202}
	EndProjectSection
EndProject
Project("{8BC9CEB8-8B4A-11D0-8D11-00A0C91BC942}") = "my_dyn_cursor", "test\my_dyn_cursor.vcxproj", "{78A70877-61DA-3661-8521-F864E3FF559D}"
	ProjectSection(ProjectDependencies) = postProject
		{62598458-75DA-35AC-89CB-BA1845420AE0} = {62598458-75DA-35AC-89CB-BA1845420AE0}
		{6EF5805D-3CA1-3C85-9FE2-8790EB056C15} = {6EF5805D-3CA1-3C85-9FE2-8790EB056C15}
		{E77C9C84-373F-3923-930B-326CB53E3202} = {E77C9C84-373F-3923-930B-326CB53E3202}
	EndProjectSection
EndProject
Project("{8BC9CEB8-8B4A-11D0-8D11-00A0C91BC942}") = "my_error", "test\my_error.vcxproj", "{A13DD843-54C4-32C6-9EB9-77BEBE90F454}"
	ProjectSection(ProjectDependencies) = postProject
		{62598458-75DA-35AC-89CB-BA1845420AE0} = {62598458-75DA-35AC-89CB-BA1845420AE0}
		{6EF5805D-3CA1-3C85-9FE2-8790EB056C15} = {6EF5805D-3CA1-3C85-9FE2-8790EB056C15}
		{E77C9C84-373F-3923-930B-326CB53E3202} = {E77C9C84-373F-3923-930B-326CB53E3202}
	EndProjectSection
EndProject
Project("{8BC9CEB8-8B4A-11D0-8D11-00A0C91BC942}") = "my_info", "test\my_info.vcxproj", "{B3EC5340-C9C9-3F2F-B2BD-38D54AC30257}"
	ProjectSection(ProjectDependencies) = postProject
		{62598458-75DA-35AC-89CB-BA1845420AE0} = {62598458-75DA-35AC-89CB-BA1845420AE0}
		{6EF5805D-3CA1-3C85-9FE2-8790EB056C15} = {6EF5805D-3CA1-3C85-9FE2-8790EB056C15}
		{E77C9C84-373F-3923-930B-326CB53E3202} = {E77C9C84-373F-3923-930B-326CB53E3202}
	EndProjectSection
EndProject
Project("{8BC9CEB8-8B4A-11D0-8D11-00A0C91BC942}") = "my_keys", "test\my_keys.vcxproj", "{5B66B555-6AB2-3F4C-B42F-99C22A13BECC}"
	ProjectSection(ProjectDependencies) = postProject
		{62598458-75DA-35AC-89CB-BA1845420AE0} = {62598458-75DA-35AC-89CB-BA1845420AE0}
		{6EF5805D-3CA1-3C85-9FE2-8790EB056C15} = {6EF5805D-3CA1-3C85-9FE2-8790EB056C15}
		{E77C9C84-373F-3923-930B-326CB53E3202} = {E77C9C84-373F-3923-930B-326CB53E3202}
	EndProjectSection
EndProject
Project("{8BC9CEB8-8B4A-11D0-8D11-00A0C91BC942}") = "my_options", "test\my_options.vcxproj", "{7C938AAD-CE3D-3258-B8EE-47B1F7D6E91F}"
	ProjectSection(ProjectDependencies) = postProject
		{62598458-75DA-35AC-89CB-BA1845420AE0} = {62598458-75DA-35AC-89CB-BA1845420AE0}
		{6EF5805D-3CA1-3C85-9FE2-8790EB056C15} = {6EF5805D-3CA1-3C85-9FE2-8790EB056C15}
		{E77C9C84-373F-3923-930B-326CB53E3202} = {E77C9C84-373F-3923-930B-326CB53E3202}
	EndProjectSection
EndProject
Project("{8BC9CEB8-8B4A-11D0-8D11-00A0C91BC942}") = "my_param", "test\my_param.vcxproj", "{40D74CC4-F9D2-3E75-AFB1-EA390445777E}"
	ProjectSection(ProjectDependencies) = postProject
		{62598458-75DA-35AC-89CB-BA1845420AE0} = {62598458-75DA-35AC-89CB-BA1845420AE0}
		{6EF5805D-3CA1-3C85-9FE2-8790EB056C15} = {6EF5805D-3CA1-3C85-9FE2-8790EB056C15}
		{E77C9C84-373F-3923-930B-326CB53E3202} = {E77C9C84-373F-3923-930B-326CB53E3202}
	EndProjectSection
EndProject
Project("{8BC9CEB8-8B4A-11D0-8D11-00A0C91BC942}") = "my_param2", "test\my_param2.vcxproj", "{C20D33DA-0AB1-3205-A649-F2EEAC448B6D}"
	ProjectSection(ProjectDependencies) = postProject
		{62598458-75DA-35AC-89CB-BA1845420AE0} = {62598458-75DA-35AC-89CB-BA1845420AE0}
		{6EF5805D-3CA1-3C85-9FE2-8790EB056C15} = {6EF5805D-3CA1-3C85-9FE2-8790EB056C15}
		{E77C9C84-373F-3923-930B-326CB53E3202} = {E77C9C84-373F-3923-930B-326CB53E3202}
	EndProjectSection
EndProject
Project("{8BC9CEB8-8B4A-11D0-8D11-00A0C91BC942}") = "my_pooling", "test\my_pooling.vcxproj", "{D2681681-FAE4-3BEE-988B-373E74F8F645}"
	ProjectSection(ProjectDependencies) = postProject
		{62598458-75DA-35AC-89CB-BA1845420AE0} = {62598458-75DA-35AC-89CB-BA1845420AE0}
		{6EF5805D-3CA1-3C85-9FE2-8790EB056C15} = {6EF5805D-3CA1-3C85-9FE2-8790EB056C15}
		{E77C9C84-373F-3923-930B-326CB53E3202} = {E77C9C84-373F-3923-930B-326CB53E3202}
	EndProjectSection
EndProject
Project("{8BC9CEB8-8B4A-11D0-8D11-00A0C91BC942}") = "my_prepare", "test\my_prepare.vcxproj", "{D6E62CF8-1F87-34C3-8FE5-57CCCD57B85D}"
	ProjectSection(ProjectDependencies) = postProject
		{62598458-75DA-35AC-89CB-BA1845420AE0} = {62598458-75DA-35AC-89CB-BA1845420AE0}
		{6EF5805D-3CA1-3C85-9FE2-8790EB056C15} = {6EF5805D-3CA1-3C85-9FE2-8790EB056C15}
		{E77C9C84-373F-3923-930B-326CB53E3202} = {E77C9C84-373F-3923-930B-326CB53E3202}
	EndProjectSection
EndProject
Project("{8BC9CEB8-8B4A-11D0-8D11-00A0C91BC942}") = "my_relative", "test\my_relative.vcxproj", "{C61DDD0D-0C14-3DE0-AE97-50FBF4A77D47}"
	ProjectSection(ProjectDependencies) = postProject
		{62598458-75DA-35AC-89CB-BA1845420AE0} = {62598458-75DA-35AC-89CB-BA1845420AE0}
		{6EF5805D-3CA1-3C85-9FE2-8790EB056C15} = {6EF5805D-3CA1-3C85-9FE2-8790EB056C15}
		{E77C9C84-373F-3923-930B-326CB53E3202} = {E77C9C84-373F-3923-930B-326CB53E3202}
	EndProjectSection
EndProject
Project("{8BC9CEB8-8B4A-11D0-8D11-00A0C91BC942}") = "my_result1", "test\my_result1.vcxproj", "{6C18BF0E-4A2D-3B08-A01A-BB8463F168FC}"
	ProjectSection(ProjectDependencies) = postProject
		{62598458-75DA-35AC-89CB-BA1845420AE0} = {62598458-75DA-35AC-89CB-BA1845420AE0}
		{6EF5805D-3CA1-3C85-9FE2-8790EB056C15} = {6EF5805D-3CA1-3C85-9FE2-8790EB056C15}
		{E77C9C84-373F-3923-930B-326CB53E3202} = {E77C9C84-373F-3923-930B-326CB53E3202}
	EndProjectSection
EndProject
Project("{8BC9CEB8-8B4A-11D0-8D11-00A0C91BC942}") = "my_result2", "test\my_result2.vcxproj", "{4AC34A6B-7F46-37C3-805F-9F8ADFDB4573}"
	ProjectSection(ProjectDependencies) = postProject
		{62598458-75DA-35AC-89CB-BA1845420AE0} = {62598458-75DA-35AC-89CB-BA1845420AE0}
		{6EF5805D-3CA1-3C85-9FE2-8790EB056C15} = {6EF5805D-3CA1-3C85-9FE2-8790EB056C15}
		{E77C9C84-373F-3923-930B-326CB53E3202} = {E77C9C84-373F-3923-930B-326CB53E3202}
	EndProjectSection
EndProject
Project("{8BC9CEB8-8B4A-11D0-8D11-00A0C91BC942}") = "my_result3", "test\my_result3.vcxproj", "{59BBFEB1-A318-3018-95AC-C3E7756D4CE9}"
	ProjectSection(ProjectDependencies) = postProject
		{62598458-75DA-35AC-89CB-BA1845420AE0} = {62598458-75DA-35AC-89CB-BA1845420AE0}
		{6EF5805D-3CA1-3C85-9FE2-8790EB056C15} = {6EF5805D-3CA1-3C85-9FE2-8790EB056C15}
		{E77C9C84-373F-3923-930B-326CB53E3202} = {E77C9C84-373F-3923-930B-326CB53E3202}
	EndProjectSection
EndProject
Project("{8BC9CEB8-8B4A-11D0-8D11-00A0C91BC942}") = "my_scroll", "test\my_scroll.vcxproj", "{B0DE85FB-D9D5-3A6F-9570-0B9B8610AE9F}"
	ProjectSection(ProjectDependencies) = postProject
		{62598458-75DA-35AC-89CB-BA1845420AE0} = {62598458-75DA-35AC-89CB-BA1845420AE0}
		{6EF5805D-3CA1-3C85-9FE2-8790EB056C15} = {6EF5805D-3CA1-3C85-9FE2-8790EB056C15}
		{E77C9C84-373F-3923-930B-326CB53E3202} = {E77C9C84-373F-3923-930B-326CB53E3202}
	EndProjectSection
EndProject
Project("{8BC9CEB8-8B4A-11D0-8D11-00A0C91BC942}") = "my_setup", "test\my_setup.vcxproj", "{88B1435C-9E8D-3325-8704-216CA4B281D0}"
	ProjectSection(ProjectDependencies) = postProject
		{62598458-75DA-35AC-89CB-BA1845420AE0} = {62598458-75DA-35AC-89CB-BA1845420AE0}
		{6EF5805D-3CA1-3C85-9FE2-8790EB056C15} = {6EF5805D-3CA1-3C85-9FE2-8790EB056C15}
		{E77C9C84-373F-3923-930B-326CB53E3202} = {E77C9C84-373F-3923-930B-326CB53E3202}
	EndProjectSection
EndProject
Project("{8BC9CEB8-8B4A-11D0-8D11-00A0C91BC942}") = "my_tran", "test\my_tran.vcxproj", "{7288FB4C-102C-3942-96CF-9B14199A5D4E}"
	ProjectSection(ProjectDependencies) = postProject
		{62598458-75DA-35AC-89CB-BA1845420AE0} = {62598458-75DA-35AC-89CB-BA1845420AE0}
		{6EF5805D-3CA1-3C85-9FE2-8790EB056C15} = {6EF5805D-3CA1-3C85-9FE2-8790EB056C15}
		{E77C9C84-373F-3923-930B-326CB53E3202} = {E77C9C84-373F-3923-930B-326CB53E3202}
	EndProjectSection
EndProject
Project("{8BC9CEB8-8B4A-11D0-8D11-00A0C91BC942}") = "my_types", "test\my_types.vcxproj", "{7295F4CD-D3CE-3AD4-99A2-6098DB56C2D3}"
	ProjectSection(ProjectDependencies) = postProject
		{62598458-75DA-35AC-89CB-BA1845420AE0} = {62598458-75DA-35AC-89CB-BA1845420AE0}
		{6EF5805D-3CA1-3C85-9FE2-8790EB056C15} = {6EF5805D-3CA1-3C85-9FE2-8790EB056C15}
		{E77C9C84-373F-3923-930B-326CB53E3202} = {E77C9C84-373F-3923-930B-326CB53E3202}
	EndProjectSection
EndProject
Project("{8BC9CEB8-8B4A-11D0-8D11-00A0C91BC942}") = "my_unicode", "test\my_unicode.vcxproj", "{A7FD3384-EF1B-3DC3-ABBD-90EE11BA266E}"
	ProjectSection(ProjectDependencies) = postProject
		{62598458-75DA-35AC-89CB-BA1845420AE0} = {62598458-75DA-35AC-89CB-BA1845420AE0}
		{6EF5805D-3CA1-3C85-9FE2-8790EB056C15} = {6EF5805D-3CA1-3C85-9FE2-8790EB056C15}
		{E77C9C84-373F-3923-930B-326CB53E3202} = {E77C9C84-373F-3923-930B-326CB53E3202}
	EndProjectSection
EndProject
Project("{8BC9CEB8-8B4A-11D0-8D11-00A0C91BC942}") = "my_unixodbc", "test\my_unixodbc.vcxproj", "{AA7B86A7-A53E-31F8-931A-CD0A78D2CF6A}"
	ProjectSection(ProjectDependencies) = postProject
		{62598458-75DA-35AC-89CB-BA1845420AE0} = {62598458-75DA-35AC-89CB-BA1845420AE0}
		{6EF5805D-3CA1-3C85-9FE2-8790EB056C15} = {6EF5805D-3CA1-3C85-9FE2-8790EB056C15}
		{E77C9C84-373F-3923-930B-326CB53E3202} = {E77C9C84-373F-3923-930B-326CB53E3202}
	EndProjectSection
EndProject
Project("{8BC9CEB8-8B4A-11D0-8D11-00A0C91BC942}") = "my_use_result", "test\my_use_result.vcxproj", "{027C29EF-2346-3710-80F2-D35A3E62A856}"
	ProjectSection(ProjectDependencies) = postProject
		{62598458-75DA-35AC-89CB-BA1845420AE0} = {62598458-75DA-35AC-89CB-BA1845420AE0}
		{6EF5805D-3CA1-3C85-9FE2-8790EB056C15} = {6EF5805D-3CA1-3C85-9FE2-8790EB056C15}
		{E77C9C84-373F-3923-930B-326CB53E3202} = {E77C9C84-373F-3923-930B-326CB53E3202}
	EndProjectSection
EndProject
Project("{8BC9CEB8-8B4A-11D0-8D11-00A0C91BC942}") = "myodbc-a", "driver\myodbc-a.vcxproj", "{D9859171-23AB-3ED3-B564-CFEC9F59FB31}"
	ProjectSection(ProjectDependencies) = postProject
		{62598458-75DA-35AC-89CB-BA1845420AE0} = {62598458-75DA-35AC-89CB-BA1845420AE0}
		{E77C9C84-373F-3923-930B-326CB53E3202} = {E77C9C84-373F-3923-930B-326CB53E3202}
		{CF984EF1-14B8-30F0-AE82-666A96A882D9} = {CF984EF1-14B8-30F0-AE82-666A96A882D9}
		{6AAE6B7F-8E6D-30D3-9C10-933459DBD519} = {6AAE6B7F-8E6D-30D3-9C10-933459DBD519}
	EndProjectSection
EndProject
Project("{8BC9CEB8-8B4A-11D0-8D11-00A0C91BC942}") = "myodbc-installer", "installer\myodbc-installer.vcxproj", "{73EE138A-B56B-39F8-A53A-6AB626EC16F6}"
	ProjectSection(ProjectDependencies) = postProject
		{62598458-75DA-35AC-89CB-BA1845420AE0} = {62598458-75DA-35AC-89CB-BA1845420AE0}
		{E77C9C84-373F-3923-930B-326CB53E3202} = {E77C9C84-373F-3923-930B-326CB53E3202}
		{CF984EF1-14B8-30F0-AE82-666A96A882D9} = {CF984EF1-14B8-30F0-AE82-666A96A882D9}
		{6AAE6B7F-8E6D-30D3-9C10-933459DBD519} = {6AAE6B7F-8E6D-30D3-9C10-933459DBD519}
	EndProjectSection
EndProject
Project("{8BC9CEB8-8B4A-11D0-8D11-00A0C91BC942}") = "myodbc-setup", "setupgui\myodbc-setup.vcxproj", "{9707BA8F-99AC-366B-A473-6411D3B7C0F8}"
	ProjectSection(ProjectDependencies) = postProject
		{62598458-75DA-35AC-89CB-BA1845420AE0} = {62598458-75DA-35AC-89CB-BA1845420AE0}
		{E77C9C84-373F-3923-930B-326CB53E3202} = {E77C9C84-373F-3923-930B-326CB53E3202}
		{CF984EF1-14B8-30F0-AE82-666A96A882D9} = {CF984EF1-14B8-30F0-AE82-666A96A882D9}
		{6AAE6B7F-8E6D-30D3-9C10-933459DBD519} = {6AAE6B7F-8E6D-30D3-9C10-933459DBD519}
	EndProjectSection
EndProject
Project("{8BC9CEB8-8B4A-11D0-8D11-00A0C91BC942}") = "myodbc-util", "util\myodbc-util.vcxproj", "{E77C9C84-373F-3923-930B-326CB53E3202}"
	ProjectSection(ProjectDependencies) = postProject
		{62598458-75DA-35AC-89CB-BA1845420AE0} = {62598458-75DA-35AC-89CB-BA1845420AE0}
	EndProjectSection
EndProject
Project("{8BC9CEB8-8B4A-11D0-8D11-00A0C91BC942}") = "myodbc-w", "driver\myodbc-w.vcxproj", "{250B6E04-23F4-31AC-80FF-646C86C43FCB}"
	ProjectSection(ProjectDependencies) = postProject
		{62598458-75DA-35AC-89CB-BA1845420AE0} = {62598458-75DA-35AC-89CB-BA1845420AE0}
		{E77C9C84-373F-3923-930B-326CB53E3202} = {E77C9C84-373F-3923-930B-326CB53E3202}
		{CF984EF1-14B8-30F0-AE82-666A96A882D9} = {CF984EF1-14B8-30F0-AE82-666A96A882D9}
		{6AAE6B7F-8E6D-30D3-9C10-933459DBD519} = {6AAE6B7F-8E6D-30D3-9C10-933459DBD519}
	EndProjectSection
EndProject
Project("{8BC9CEB8-8B4A-11D0-8D11-00A0C91BC942}") = "mysql_strings", "mysql_strings\mysql_strings.vcxproj", "{CF984EF1-14B8-30F0-AE82-666A96A882D9}"
	ProjectSection(ProjectDependencies) = postProject
		{62598458-75DA-35AC-89CB-BA1845420AE0} = {62598458-75DA-35AC-89CB-BA1845420AE0}
		{00D0DF4D-BC89-3AFE-998B-0105AD143660} = {00D0DF4D-BC89-3AFE-998B-0105AD143660}
	EndProjectSection
EndProject
Project("{8BC9CEB8-8B4A-11D0-8D11-00A0C91BC942}") = "mysql_sys", "mysql_sys\mysql_sys.vcxproj", "{6AAE6B7F-8E6D-30D3-9C10-933459DBD519}"
	ProjectSection(ProjectDependencies) = postProject
		{62598458-75DA-35AC-89CB-BA1845420AE0} = {62598458-75DA-35AC-89CB-BA1845420AE0}
	EndProjectSection
EndProject
Project("{8BC9CEB8-8B4A-11D0-8D11-00A0C91BC942}") = "uca9dump", "mysql_strings\uca9dump.vcxproj", "{00D0DF4D-BC89-3AFE-998B-0105AD143660}"
	ProjectSection(ProjectDependencies) = postProject
		{62598458-75DA-35AC-89CB-BA1845420AE0} = {62598458-75DA-35AC-89CB-BA1845420AE0}
	EndProjectSection
EndProject
Global
	GlobalSection(SolutionConfigurationPlatforms) = preSolution
		Debug|x64 = Debug|x64
		Release|x64 = Release|x64
		MinSizeRel|x64 = MinSizeRel|x64
		RelWithDebInfo|x64 = RelWithDebInfo|x64
	EndGlobalSection
	GlobalSection(ProjectConfigurationPlatforms) = postSolution
		{B21C0CDB-A4BD-3BF4-B329-E2BD72D537E9}.Debug|x64.ActiveCfg = Debug|x64
		{B21C0CDB-A4BD-3BF4-B329-E2BD72D537E9}.Debug|x64.Build.0 = Debug|x64
		{B21C0CDB-A4BD-3BF4-B329-E2BD72D537E9}.Release|x64.ActiveCfg = Release|x64
		{B21C0CDB-A4BD-3BF4-B329-E2BD72D537E9}.Release|x64.Build.0 = Release|x64
		{B21C0CDB-A4BD-3BF4-B329-E2BD72D537E9}.MinSizeRel|x64.ActiveCfg = MinSizeRel|x64
		{B21C0CDB-A4BD-3BF4-B329-E2BD72D537E9}.MinSizeRel|x64.Build.0 = MinSizeRel|x64
		{B21C0CDB-A4BD-3BF4-B329-E2BD72D537E9}.RelWithDebInfo|x64.ActiveCfg = RelWithDebInfo|x64
		{B21C0CDB-A4BD-3BF4-B329-E2BD72D537E9}.RelWithDebInfo|x64.Build.0 = RelWithDebInfo|x64
		{C296DB7C-F094-328D-BC4E-F78F311727E6}.Debug|x64.ActiveCfg = Debug|x64
		{C296DB7C-F094-328D-BC4E-F78F311727E6}.Release|x64.ActiveCfg = Release|x64
		{C296DB7C-F094-328D-BC4E-F78F311727E6}.MinSizeRel|x64.ActiveCfg = MinSizeRel|x64
		{C296DB7C-F094-328D-BC4E-F78F311727E6}.RelWithDebInfo|x64.ActiveCfg = RelWithDebInfo|x64
		{CF65A832-752C-3368-B7A7-CBC9753FB9FD}.Debug|x64.ActiveCfg = Debug|x64
		{CF65A832-752C-3368-B7A7-CBC9753FB9FD}.Release|x64.ActiveCfg = Release|x64
		{CF65A832-752C-3368-B7A7-CBC9753FB9FD}.MinSizeRel|x64.ActiveCfg = MinSizeRel|x64
		{CF65A832-752C-3368-B7A7-CBC9753FB9FD}.RelWithDebInfo|x64.ActiveCfg = RelWithDebInfo|x64
		{62598458-75DA-35AC-89CB-BA1845420AE0}.Debug|x64.ActiveCfg = Debug|x64
		{62598458-75DA-35AC-89CB-BA1845420AE0}.Debug|x64.Build.0 = Debug|x64
		{62598458-75DA-35AC-89CB-BA1845420AE0}.Release|x64.ActiveCfg = Release|x64
		{62598458-75DA-35AC-89CB-BA1845420AE0}.Release|x64.Build.0 = Release|x64
		{62598458-75DA-35AC-89CB-BA1845420AE0}.MinSizeRel|x64.ActiveCfg = MinSizeRel|x64
		{62598458-75DA-35AC-89CB-BA1845420AE0}.MinSizeRel|x64.Build.0 = MinSizeRel|x64
		{62598458-75DA-35AC-89CB-BA1845420AE0}.RelWithDebInfo|x64.ActiveCfg = RelWithDebInfo|x64
		{62598458-75DA-35AC-89CB-BA1845420AE0}.RelWithDebInfo|x64.Build.0 = RelWithDebInfo|x64
		{B83D84B0-DD44-36E8-822F-C9EAA17FB544}.Debug|x64.ActiveCfg = Debug|x64
		{B83D84B0-DD44-36E8-822F-C9EAA17FB544}.Debug|x64.Build.0 = Debug|x64
		{B83D84B0-DD44-36E8-822F-C9EAA17FB544}.Release|x64.ActiveCfg = Release|x64
		{B83D84B0-DD44-36E8-822F-C9EAA17FB544}.Release|x64.Build.0 = Release|x64
		{B83D84B0-DD44-36E8-822F-C9EAA17FB544}.MinSizeRel|x64.ActiveCfg = MinSizeRel|x64
		{B83D84B0-DD44-36E8-822F-C9EAA17FB544}.MinSizeRel|x64.Build.0 = MinSizeRel|x64
		{B83D84B0-DD44-36E8-822F-C9EAA17FB544}.RelWithDebInfo|x64.ActiveCfg = RelWithDebInfo|x64
		{B83D84B0-DD44-36E8-822F-C9EAA17FB544}.RelWithDebInfo|x64.Build.0 = RelWithDebInfo|x64
		{6EF5805D-3CA1-3C85-9FE2-8790EB056C15}.Debug|x64.ActiveCfg = Debug|x64
		{6EF5805D-3CA1-3C85-9FE2-8790EB056C15}.Debug|x64.Build.0 = Debug|x64
		{6EF5805D-3CA1-3C85-9FE2-8790EB056C15}.Release|x64.ActiveCfg = Release|x64
		{6EF5805D-3CA1-3C85-9FE2-8790EB056C15}.Release|x64.Build.0 = Release|x64
		{6EF5805D-3CA1-3C85-9FE2-8790EB056C15}.MinSizeRel|x64.ActiveCfg = MinSizeRel|x64
		{6EF5805D-3CA1-3C85-9FE2-8790EB056C15}.MinSizeRel|x64.Build.0 = MinSizeRel|x64
		{6EF5805D-3CA1-3C85-9FE2-8790EB056C15}.RelWithDebInfo|x64.ActiveCfg = RelWithDebInfo|x64
		{6EF5805D-3CA1-3C85-9FE2-8790EB056C15}.RelWithDebInfo|x64.Build.0 = RelWithDebInfo|x64
		{D50ED7DF-619E-38F1-8206-6866853CF3BE}.Debug|x64.ActiveCfg = Debug|x64
		{D50ED7DF-619E-38F1-8206-6866853CF3BE}.Debug|x64.Build.0 = Debug|x64
		{D50ED7DF-619E-38F1-8206-6866853CF3BE}.Release|x64.ActiveCfg = Release|x64
		{D50ED7DF-619E-38F1-8206-6866853CF3BE}.Release|x64.Build.0 = Release|x64
		{D50ED7DF-619E-38F1-8206-6866853CF3BE}.MinSizeRel|x64.ActiveCfg = MinSizeRel|x64
		{D50ED7DF-619E-38F1-8206-6866853CF3BE}.MinSizeRel|x64.Build.0 = MinSizeRel|x64
		{D50ED7DF-619E-38F1-8206-6866853CF3BE}.RelWithDebInfo|x64.ActiveCfg = RelWithDebInfo|x64
		{D50ED7DF-619E-38F1-8206-6866853CF3BE}.RelWithDebInfo|x64.Build.0 = RelWithDebInfo|x64
		{5E354EE1-6714-3C83-B834-D3729ABDA03B}.Debug|x64.ActiveCfg = Debug|x64
		{5E354EE1-6714-3C83-B834-D3729ABDA03B}.Debug|x64.Build.0 = Debug|x64
		{5E354EE1-6714-3C83-B834-D3729ABDA03B}.Release|x64.ActiveCfg = Release|x64
		{5E354EE1-6714-3C83-B834-D3729ABDA03B}.Release|x64.Build.0 = Release|x64
		{5E354EE1-6714-3C83-B834-D3729ABDA03B}.MinSizeRel|x64.ActiveCfg = MinSizeRel|x64
		{5E354EE1-6714-3C83-B834-D3729ABDA03B}.MinSizeRel|x64.Build.0 = MinSizeRel|x64
		{5E354EE1-6714-3C83-B834-D3729ABDA03B}.RelWithDebInfo|x64.ActiveCfg = RelWithDebInfo|x64
		{5E354EE1-6714-3C83-B834-D3729ABDA03B}.RelWithDebInfo|x64.Build.0 = RelWithDebInfo|x64
		{11E49060-6A5F-3B89-BF2D-8B4D5BE6CDFA}.Debug|x64.ActiveCfg = Debug|x64
		{11E49060-6A5F-3B89-BF2D-8B4D5BE6CDFA}.Debug|x64.Build.0 = Debug|x64
		{11E49060-6A5F-3B89-BF2D-8B4D5BE6CDFA}.Release|x64.ActiveCfg = Release|x64
		{11E49060-6A5F-3B89-BF2D-8B4D5BE6CDFA}.Release|x64.Build.0 = Release|x64
		{11E49060-6A5F-3B89-BF2D-8B4D5BE6CDFA}.MinSizeRel|x64.ActiveCfg = MinSizeRel|x64
		{11E49060-6A5F-3B89-BF2D-8B4D5BE6CDFA}.MinSizeRel|x64.Build.0 = MinSizeRel|x64
		{11E49060-6A5F-3B89-BF2D-8B4D5BE6CDFA}.RelWithDebInfo|x64.ActiveCfg = RelWithDebInfo|x64
		{11E49060-6A5F-3B89-BF2D-8B4D5BE6CDFA}.RelWithDebInfo|x64.Build.0 = RelWithDebInfo|x64
		{77834251-6AB8-3943-BACC-8CC231A0D8BE}.Debug|x64.ActiveCfg = Debug|x64
		{77834251-6AB8-3943-BACC-8CC231A0D8BE}.Debug|x64.Build.0 = Debug|x64
		{77834251-6AB8-3943-BACC-8CC231A0D8BE}.Release|x64.ActiveCfg = Release|x64
		{77834251-6AB8-3943-BACC-8CC231A0D8BE}.Release|x64.Build.0 = Release|x64
		{77834251-6AB8-3943-BACC-8CC231A0D8BE}.MinSizeRel|x64.ActiveCfg = MinSizeRel|x64
		{77834251-6AB8-3943-BACC-8CC231A0D8BE}.MinSizeRel|x64.Build.0 = MinSizeRel|x64
		{77834251-6AB8-3943-BACC-8CC231A0D8BE}.RelWithDebInfo|x64.ActiveCfg = RelWithDebInfo|x64
		{77834251-6AB8-3943-BACC-8CC231A0D8BE}.RelWithDebInfo|x64.Build.0 = RelWithDebInfo|x64
		{E269AD13-09C8-3E6F-80D9-4DCF80B08326}.Debug|x64.ActiveCfg = Debug|x64
		{E269AD13-09C8-3E6F-80D9-4DCF80B08326}.Debug|x64.Build.0 = Debug|x64
		{E269AD13-09C8-3E6F-80D9-4DCF80B08326}.Release|x64.ActiveCfg = Release|x64
		{E269AD13-09C8-3E6F-80D9-4DCF80B08326}.Release|x64.Build.0 = Release|x64
		{E269AD13-09C8-3E6F-80D9-4DCF80B08326}.MinSizeRel|x64.ActiveCfg = MinSizeRel|x64
		{E269AD13-09C8-3E6F-80D9-4DCF80B08326}.MinSizeRel|x64.Build.0 = MinSizeRel|x64
		{E269AD13-09C8-3E6F-80D9-4DCF80B08326}.RelWithDebInfo|x64.ActiveCfg = RelWithDebInfo|x64
		{E269AD13-09C8-3E6F-80D9-4DCF80B08326}.RelWithDebInfo|x64.Build.0 = RelWithDebInfo|x64
		{62F36BC7-217A-3834-8A90-A91F07FFE2AD}.Debug|x64.ActiveCfg = Debug|x64
		{62F36BC7-217A-3834-8A90-A91F07FFE2AD}.Debug|x64.Build.0 = Debug|x64
		{62F36BC7-217A-3834-8A90-A91F07FFE2AD}.Release|x64.ActiveCfg = Release|x64
		{62F36BC7-217A-3834-8A90-A91F07FFE2AD}.Release|x64.Build.0 = Release|x64
		{62F36BC7-217A-3834-8A90-A91F07FFE2AD}.MinSizeRel|x64.ActiveCfg = MinSizeRel|x64
		{62F36BC7-217A-3834-8A90-A91F07FFE2AD}.MinSizeRel|x64.Build.0 = MinSizeRel|x64
		{62F36BC7-217A-3834-8A90-A91F07FFE2AD}.RelWithDebInfo|x64.ActiveCfg = RelWithDebInfo|x64
		{62F36BC7-217A-3834-8A90-A91F07FFE2AD}.RelWithDebInfo|x64.Build.0 = RelWithDebInfo|x64
		{3D9CF152-BF6E-373D-8523-C81A74BC6F31}.Debug|x64.ActiveCfg = Debug|x64
		{3D9CF152-BF6E-373D-8523-C81A74BC6F31}.Debug|x64.Build.0 = Debug|x64
		{3D9CF152-BF6E-373D-8523-C81A74BC6F31}.Release|x64.ActiveCfg = Release|x64
		{3D9CF152-BF6E-373D-8523-C81A74BC6F31}.Release|x64.Build.0 = Release|x64
		{3D9CF152-BF6E-373D-8523-C81A74BC6F31}.MinSizeRel|x64.ActiveCfg = MinSizeRel|x64
		{3D9CF152-BF6E-373D-8523-C81A74BC6F31}.MinSizeRel|x64.Build.0 = MinSizeRel|x64
		{3D9CF152-BF6E-373D-8523-C81A74BC6F31}.RelWithDebInfo|x64.ActiveCfg = RelWithDebInfo|x64
		{3D9CF152-BF6E-373D-8523-C81A74BC6F31}.RelWithDebInfo|x64.Build.0 = RelWithDebInfo|x64
		{CE8287AD-9183-386F-86F0-5F62BAADDACE}.Debug|x64.ActiveCfg = Debug|x64
		{CE8287AD-9183-386F-86F0-5F62BAADDACE}.Debug|x64.Build.0 = Debug|x64
		{CE8287AD-9183-386F-86F0-5F62BAADDACE}.Release|x64.ActiveCfg = Release|x64
		{CE8287AD-9183-386F-86F0-5F62BAADDACE}.Release|x64.Build.0 = Release|x64
		{CE8287AD-9183-386F-86F0-5F62BAADDACE}.MinSizeRel|x64.ActiveCfg = MinSizeRel|x64
		{CE8287AD-9183-386F-86F0-5F62BAADDACE}.MinSizeRel|x64.Build.0 = MinSizeRel|x64
		{CE8287AD-9183-386F-86F0-5F62BAADDACE}.RelWithDebInfo|x64.ActiveCfg = RelWithDebInfo|x64
		{CE8287AD-9183-386F-86F0-5F62BAADDACE}.RelWithDebInfo|x64.Build.0 = RelWithDebInfo|x64
		{6388C968-7078-3FAC-8DB2-F36CBCBD724E}.Debug|x64.ActiveCfg = Debug|x64
		{6388C968-7078-3FAC-8DB2-F36CBCBD724E}.Debug|x64.Build.0 = Debug|x64
		{6388C968-7078-3FAC-8DB2-F36CBCBD724E}.Release|x64.ActiveCfg = Release|x64
		{6388C968-7078-3FAC-8DB2-F36CBCBD724E}.Release|x64.Build.0 = Release|x64
		{6388C968-7078-3FAC-8DB2-F36CBCBD724E}.MinSizeRel|x64.ActiveCfg = MinSizeRel|x64
		{6388C968-7078-3FAC-8DB2-F36CBCBD724E}.MinSizeRel|x64.Build.0 = MinSizeRel|x64
		{6388C968-7078-3FAC-8DB2-F36CBCBD724E}.RelWithDebInfo|x64.ActiveCfg = RelWithDebInfo|x64
		{6388C968-7078-3FAC-8DB2-F36CBCBD724E}.RelWithDebInfo|x64.Build.0 = RelWithDebInfo|x64
		{902C2A07-61F9-3DA9-BD4A-BA5835302286}.Debug|x64.ActiveCfg = Debug|x64
		{902C2A07-61F9-3DA9-BD4A-BA5835302286}.Debug|x64.Build.0 = Debug|x64
		{902C2A07-61F9-3DA9-BD4A-BA5835302286}.Release|x64.ActiveCfg = Release|x64
		{902C2A07-61F9-3DA9-BD4A-BA5835302286}.Release|x64.Build.0 = Release|x64
		{902C2A07-61F9-3DA9-BD4A-BA5835302286}.MinSizeRel|x64.ActiveCfg = MinSizeRel|x64
		{902C2A07-61F9-3DA9-BD4A-BA5835302286}.MinSizeRel|x64.Build.0 = MinSizeRel|x64
		{902C2A07-61F9-3DA9-BD4A-BA5835302286}.RelWithDebInfo|x64.ActiveCfg = RelWithDebInfo|x64
		{902C2A07-61F9-3DA9-BD4A-BA5835302286}.RelWithDebInfo|x64.Build.0 = RelWithDebInfo|x64
		{161E00E5-AC80-3418-B097-5F12C810C7B3}.Debug|x64.ActiveCfg = Debug|x64
		{161E00E5-AC80-3418-B097-5F12C810C7B3}.Debug|x64.Build.0 = Debug|x64
		{161E00E5-AC80-3418-B097-5F12C810C7B3}.Release|x64.ActiveCfg = Release|x64
		{161E00E5-AC80-3418-B097-5F12C810C7B3}.Release|x64.Build.0 = Release|x64
		{161E00E5-AC80-3418-B097-5F12C810C7B3}.MinSizeRel|x64.ActiveCfg = MinSizeRel|x64
		{161E00E5-AC80-3418-B097-5F12C810C7B3}.MinSizeRel|x64.Build.0 = MinSizeRel|x64
		{161E00E5-AC80-3418-B097-5F12C810C7B3}.RelWithDebInfo|x64.ActiveCfg = RelWithDebInfo|x64
		{161E00E5-AC80-3418-B097-5F12C810C7B3}.RelWithDebInfo|x64.Build.0 = RelWithDebInfo|x64
		{C12EB5A0-B179-3B32-9503-651D5346D6A4}.Debug|x64.ActiveCfg = Debug|x64
		{C12EB5A0-B179-3B32-9503-651D5346D6A4}.Debug|x64.Build.0 = Debug|x64
		{C12EB5A0-B179-3B32-9503-651D5346D6A4}.Release|x64.ActiveCfg = Release|x64
		{C12EB5A0-B179-3B32-9503-651D5346D6A4}.Release|x64.Build.0 = Release|x64
		{C12EB5A0-B179-3B32-9503-651D5346D6A4}.MinSizeRel|x64.ActiveCfg = MinSizeRel|x64
		{C12EB5A0-B179-3B32-9503-651D5346D6A4}.MinSizeRel|x64.Build.0 = MinSizeRel|x64
		{C12EB5A0-B179-3B32-9503-651D5346D6A4}.RelWithDebInfo|x64.ActiveCfg = RelWithDebInfo|x64
		{C12EB5A0-B179-3B32-9503-651D5346D6A4}.RelWithDebInfo|x64.Build.0 = RelWithDebInfo|x64
		{C34E7A52-0A8E-3D06-908F-4BE749942F6E}.Debug|x64.ActiveCfg = Debug|x64
		{C34E7A52-0A8E-3D06-908F-4BE749942F6E}.Debug|x64.Build.0 = Debug|x64
		{C34E7A52-0A8E-3D06-908F-4BE749942F6E}.Release|x64.ActiveCfg = Release|x64
		{C34E7A52-0A8E-3D06-908F-4BE749942F6E}.Release|x64.Build.0 = Release|x64
		{C34E7A52-0A8E-3D06-908F-4BE749942F6E}.MinSizeRel|x64.ActiveCfg = MinSizeRel|x64
		{C34E7A52-0A8E-3D06-908F-4BE749942F6E}.MinSizeRel|x64.Build.0 = MinSizeRel|x64
		{C34E7A52-0A8E-3D06-908F-4BE749942F6E}.RelWithDebInfo|x64.ActiveCfg = RelWithDebInfo|x64
		{C34E7A52-0A8E-3D06-908F-4BE749942F6E}.RelWithDebInfo|x64.Build.0 = RelWithDebInfo|x64
		{102B8C0D-6BBC-378C-ABD6-A773FEAEAC3F}.Debug|x64.ActiveCfg = Debug|x64
		{102B8C0D-6BBC-378C-ABD6-A773FEAEAC3F}.Debug|x64.Build.0 = Debug|x64
		{102B8C0D-6BBC-378C-ABD6-A773FEAEAC3F}.Release|x64.ActiveCfg = Release|x64
		{102B8C0D-6BBC-378C-ABD6-A773FEAEAC3F}.Release|x64.Build.0 = Release|x64
		{102B8C0D-6BBC-378C-ABD6-A773FEAEAC3F}.MinSizeRel|x64.ActiveCfg = MinSizeRel|x64
		{102B8C0D-6BBC-378C-ABD6-A773FEAEAC3F}.MinSizeRel|x64.Build.0 = MinSizeRel|x64
		{102B8C0D-6BBC-378C-ABD6-A773FEAEAC3F}.RelWithDebInfo|x64.ActiveCfg = RelWithDebInfo|x64
		{102B8C0D-6BBC-378C-ABD6-A773FEAEAC3F}.RelWithDebInfo|x64.Build.0 = RelWithDebInfo|x64
		{78A70877-61DA-3661-8521-F864E3FF559D}.Debug|x64.ActiveCfg = Debug|x64
		{78A70877-61DA-3661-8521-F864E3FF559D}.Debug|x64.Build.0 = Debug|x64
		{78A70877-61DA-3661-8521-F864E3FF559D}.Release|x64.ActiveCfg = Release|x64
		{78A70877-61DA-3661-8521-F864E3FF559D}.Release|x64.Build.0 = Release|x64
		{78A70877-61DA-3661-8521-F864E3FF559D}.MinSizeRel|x64.ActiveCfg = MinSizeRel|x64
		{78A70877-61DA-3661-8521-F864E3FF559D}.MinSizeRel|x64.Build.0 = MinSizeRel|x64
		{78A70877-61DA-3661-8521-F864E3FF559D}.RelWithDebInfo|x64.ActiveCfg = RelWithDebInfo|x64
		{78A70877-61DA-3661-8521-F864E3FF559D}.RelWithDebInfo|x64.Build.0 = RelWithDebInfo|x64
		{A13DD843-54C4-32C6-9EB9-77BEBE90F454}.Debug|x64.ActiveCfg = Debug|x64
		{A13DD843-54C4-32C6-9EB9-77BEBE90F454}.Debug|x64.Build.0 = Debug|x64
		{A13DD843-54C4-32C6-9EB9-77BEBE90F454}.Release|x64.ActiveCfg = Release|x64
		{A13DD843-54C4-32C6-9EB9-77BEBE90F454}.Release|x64.Build.0 = Release|x64
		{A13DD843-54C4-32C6-9EB9-77BEBE90F454}.MinSizeRel|x64.ActiveCfg = MinSizeRel|x64
		{A13DD843-54C4-32C6-9EB9-77BEBE90F454}.MinSizeRel|x64.Build.0 = MinSizeRel|x64
		{A13DD843-54C4-32C6-9EB9-77BEBE90F454}.RelWithDebInfo|x64.ActiveCfg = RelWithDebInfo|x64
		{A13DD843-54C4-32C6-9EB9-77BEBE90F454}.RelWithDebInfo|x64.Build.0 = RelWithDebInfo|x64
		{B3EC5340-C9C9-3F2F-B2BD-38D54AC30257}.Debug|x64.ActiveCfg = Debug|x64
		{B3EC5340-C9C9-3F2F-B2BD-38D54AC30257}.Debug|x64.Build.0 = Debug|x64
		{B3EC5340-C9C9-3F2F-B2BD-38D54AC30257}.Release|x64.ActiveCfg = Release|x64
		{B3EC5340-C9C9-3F2F-B2BD-38D54AC30257}.Release|x64.Build.0 = Release|x64
		{B3EC5340-C9C9-3F2F-B2BD-38D54AC30257}.MinSizeRel|x64.ActiveCfg = MinSizeRel|x64
		{B3EC5340-C9C9-3F2F-B2BD-38D54AC30257}.MinSizeRel|x64.Build.0 = MinSizeRel|x64
		{B3EC5340-C9C9-3F2F-B2BD-38D54AC30257}.RelWithDebInfo|x64.ActiveCfg = RelWithDebInfo|x64
		{B3EC5340-C9C9-3F2F-B2BD-38D54AC30257}.RelWithDebInfo|x64.Build.0 = RelWithDebInfo|x64
		{5B66B555-6AB2-3F4C-B42F-99C22A13BECC}.Debug|x64.ActiveCfg = Debug|x64
		{5B66B555-6AB2-3F4C-B42F-99C22A13BECC}.Debug|x64.Build.0 = Debug|x64
		{5B66B555-6AB2-3F4C-B42F-99C22A13BECC}.Release|x64.ActiveCfg = Release|x64
		{5B66B555-6AB2-3F4C-B42F-99C22A13BECC}.Release|x64.Build.0 = Release|x64
		{5B66B555-6AB2-3F4C-B42F-99C22A13BECC}.MinSizeRel|x64.ActiveCfg = MinSizeRel|x64
		{5B66B555-6AB2-3F4C-B42F-99C22A13BECC}.MinSizeRel|x64.Build.0 = MinSizeRel|x64
		{5B66B555-6AB2-3F4C-B42F-99C22A13BECC}.RelWithDebInfo|x64.ActiveCfg = RelWithDebInfo|x64
		{5B66B555-6AB2-3F4C-B42F-99C22A13BECC}.RelWithDebInfo|x64.Build.0 = RelWithDebInfo|x64
		{7C938AAD-CE3D-3258-B8EE-47B1F7D6E91F}.Debug|x64.ActiveCfg = Debug|x64
		{7C938AAD-CE3D-3258-B8EE-47B1F7D6E91F}.Debug|x64.Build.0 = Debug|x64
		{7C938AAD-CE3D-3258-B8EE-47B1F7D6E91F}.Release|x64.ActiveCfg = Release|x64
		{7C938AAD-CE3D-3258-B8EE-47B1F7D6E91F}.Release|x64.Build.0 = Release|x64
		{7C938AAD-CE3D-3258-B8EE-47B1F7D6E91F}.MinSizeRel|x64.ActiveCfg = MinSizeRel|x64
		{7C938AAD-CE3D-3258-B8EE-47B1F7D6E91F}.MinSizeRel|x64.Build.0 = MinSizeRel|x64
		{7C938AAD-CE3D-3258-B8EE-47B1F7D6E91F}.RelWithDebInfo|x64.ActiveCfg = RelWithDebInfo|x64
		{7C938AAD-CE3D-3258-B8EE-47B1F7D6E91F}.RelWithDebInfo|x64.Build.0 = RelWithDebInfo|x64
		{40D74CC4-F9D2-3E75-AFB1-EA390445777E}.Debug|x64.ActiveCfg = Debug|x64
		{40D74CC4-F9D2-3E75-AFB1-EA390445777E}.Debug|x64.Build.0 = Debug|x64
		{40D74CC4-F9D2-3E75-AFB1-EA390445777E}.Release|x64.ActiveCfg = Release|x64
		{40D74CC4-F9D2-3E75-AFB1-EA390445777E}.Release|x64.Build.0 = Release|x64
		{40D74CC4-F9D2-3E75-AFB1-EA390445777E}.MinSizeRel|x64.ActiveCfg = MinSizeRel|x64
		{40D74CC4-F9D2-3E75-AFB1-EA390445777E}.MinSizeRel|x64.Build.0 = MinSizeRel|x64
		{40D74CC4-F9D2-3E75-AFB1-EA390445777E}.RelWithDebInfo|x64.ActiveCfg = RelWithDebInfo|x64
		{40D74CC4-F9D2-3E75-AFB1-EA390445777E}.RelWithDebInfo|x64.Build.0 = RelWithDebInfo|x64
		{C20D33DA-0AB1-3205-A649-F2EEAC448B6D}.Debug|x64.ActiveCfg = Debug|x64
		{C20D33DA-0AB1-3205-A649-F2EEAC448B6D}.Debug|x64.Build.0 = Debug|x64
		{C20D33DA-0AB1-3205-A649-F2EEAC448B6D}.Release|x64.ActiveCfg = Release|x64
		{C20D33DA-0AB1-3205-A649-F2EEAC448B6D}.Release|x64.Build.0 = Release|x64
		{C20D33DA-0AB1-3205-A649-F2EEAC448B6D}.MinSizeRel|x64.ActiveCfg = MinSizeRel|x64
		{C20D33DA-0AB1-3205-A649-F2EEAC448B6D}.MinSizeRel|x64.Build.0 = MinSizeRel|x64
		{C20D33DA-0AB1-3205-A649-F2EEAC448B6D}.RelWithDebInfo|x64.ActiveCfg = RelWithDebInfo|x64
		{C20D33DA-0AB1-3205-A649-F2EEAC448B6D}.RelWithDebInfo|x64.Build.0 = RelWithDebInfo|x64
		{D2681681-FAE4-3BEE-988B-373E74F8F645}.Debug|x64.ActiveCfg = Debug|x64
		{D2681681-FAE4-3BEE-988B-373E74F8F645}.Debug|x64.Build.0 = Debug|x64
		{D2681681-FAE4-3BEE-988B-373E74F8F645}.Release|x64.ActiveCfg = Release|x64
		{D2681681-FAE4-3BEE-988B-373E74F8F645}.Release|x64.Build.0 = Release|x64
		{D2681681-FAE4-3BEE-988B-373E74F8F645}.MinSizeRel|x64.ActiveCfg = MinSizeRel|x64
		{D2681681-FAE4-3BEE-988B-373E74F8F645}.MinSizeRel|x64.Build.0 = MinSizeRel|x64
		{D2681681-FAE4-3BEE-988B-373E74F8F645}.RelWithDebInfo|x64.ActiveCfg = RelWithDebInfo|x64
		{D2681681-FAE4-3BEE-988B-373E74F8F645}.RelWithDebInfo|x64.Build.0 = RelWithDebInfo|x64
		{D6E62CF8-1F87-34C3-8FE5-57CCCD57B85D}.Debug|x64.ActiveCfg = Debug|x64
		{D6E62CF8-1F87-34C3-8FE5-57CCCD57B85D}.Debug|x64.Build.0 = Debug|x64
		{D6E62CF8-1F87-34C3-8FE5-57CCCD57B85D}.Release|x64.ActiveCfg = Release|x64
		{D6E62CF8-1F87-34C3-8FE5-57CCCD57B85D}.Release|x64.Build.0 = Release|x64
		{D6E62CF8-1F87-34C3-8FE5-57CCCD57B85D}.MinSizeRel|x64.ActiveCfg = MinSizeRel|x64
		{D6E62CF8-1F87-34C3-8FE5-57CCCD57B85D}.MinSizeRel|x64.Build.0 = MinSizeRel|x64
		{D6E62CF8-1F87-34C3-8FE5-57CCCD57B85D}.RelWithDebInfo|x64.ActiveCfg = RelWithDebInfo|x64
		{D6E62CF8-1F87-34C3-8FE5-57CCCD57B85D}.RelWithDebInfo|x64.Build.0 = RelWithDebInfo|x64
		{C61DDD0D-0C14-3DE0-AE97-50FBF4A77D47}.Debug|x64.ActiveCfg = Debug|x64
		{C61DDD0D-0C14-3DE0-AE97-50FBF4A77D47}.Debug|x64.Build.0 = Debug|x64
		{C61DDD0D-0C14-3DE0-AE97-50FBF4A77D47}.Release|x64.ActiveCfg = Release|x64
		{C61DDD0D-0C14-3DE0-AE97-50FBF4A77D47}.Release|x64.Build.0 = Release|x64
		{C61DDD0D-0C14-3DE0-AE97-50FBF4A77D47}.MinSizeRel|x64.ActiveCfg = MinSizeRel|x64
		{C61DDD0D-0C14-3DE0-AE97-50FBF4A77D47}.MinSizeRel|x64.Build.0 = MinSizeRel|x64
		{C61DDD0D-0C14-3DE0-AE97-50FBF4A77D47}.RelWithDebInfo|x64.ActiveCfg = RelWithDebInfo|x64
		{C61DDD0D-0C14-3DE0-AE97-50FBF4A77D47}.RelWithDebInfo|x64.Build.0 = RelWithDebInfo|x64
		{6C18BF0E-4A2D-3B08-A01A-BB8463F168FC}.Debug|x64.ActiveCfg = Debug|x64
		{6C18BF0E-4A2D-3B08-A01A-BB8463F168FC}.Debug|x64.Build.0 = Debug|x64
		{6C18BF0E-4A2D-3B08-A01A-BB8463F168FC}.Release|x64.ActiveCfg = Release|x64
		{6C18BF0E-4A2D-3B08-A01A-BB8463F168FC}.Release|x64.Build.0 = Release|x64
		{6C18BF0E-4A2D-3B08-A01A-BB8463F168FC}.MinSizeRel|x64.ActiveCfg = MinSizeRel|x64
		{6C18BF0E-4A2D-3B08-A01A-BB8463F168FC}.MinSizeRel|x64.Build.0 = MinSizeRel|x64
		{6C18BF0E-4A2D-3B08-A01A-BB8463F168FC}.RelWithDebInfo|x64.ActiveCfg = RelWithDebInfo|x64
		{6C18BF0E-4A2D-3B08-A01A-BB8463F168FC}.RelWithDebInfo|x64.Build.0 = RelWithDebInfo|x64
		{4AC34A6B-7F46-37C3-805F-9F8ADFDB4573}.Debug|x64.ActiveCfg = Debug|x64
		{4AC34A6B-7F46-37C3-805F-9F8ADFDB4573}.Debug|x64.Build.0 = Debug|x64
		{4AC34A6B-7F46-37C3-805F-9F8ADFDB4573}.Release|x64.ActiveCfg = Release|x64
		{4AC34A6B-7F46-37C3-805F-9F8ADFDB4573}.Release|x64.Build.0 = Release|x64
		{4AC34A6B-7F46-37C3-805F-9F8ADFDB4573}.MinSizeRel|x64.ActiveCfg = MinSizeRel|x64
		{4AC34A6B-7F46-37C3-805F-9F8ADFDB4573}.MinSizeRel|x64.Build.0 = MinSizeRel|x64
		{4AC34A6B-7F46-37C3-805F-9F8ADFDB4573}.RelWithDebInfo|x64.ActiveCfg = RelWithDebInfo|x64
		{4AC34A6B-7F46-37C3-805F-9F8ADFDB4573}.RelWithDebInfo|x64.Build.0 = RelWithDebInfo|x64
		{59BBFEB1-A318-3018-95AC-C3E7756D4CE9}.Debug|x64.ActiveCfg = Debug|x64
		{59BBFEB1-A318-3018-95AC-C3E7756D4CE9}.Debug|x64.Build.0 = Debug|x64
		{59BBFEB1-A318-3018-95AC-C3E7756D4CE9}.Release|x64.ActiveCfg = Release|x64
		{59BBFEB1-A318-3018-95AC-C3E7756D4CE9}.Release|x64.Build.0 = Release|x64
		{59BBFEB1-A318-3018-95AC-C3E7756D4CE9}.MinSizeRel|x64.ActiveCfg = MinSizeRel|x64
		{59BBFEB1-A318-3018-95AC-C3E7756D4CE9}.MinSizeRel|x64.Build.0 = MinSizeRel|x64
		{59BBFEB1-A318-3018-95AC-C3E7756D4CE9}.RelWithDebInfo|x64.ActiveCfg = RelWithDebInfo|x64
		{59BBFEB1-A318-3018-95AC-C3E7756D4CE9}.RelWithDebInfo|x64.Build.0 = RelWithDebInfo|x64
		{B0DE85FB-D9D5-3A6F-9570-0B9B8610AE9F}.Debug|x64.ActiveCfg = Debug|x64
		{B0DE85FB-D9D5-3A6F-9570-0B9B8610AE9F}.Debug|x64.Build.0 = Debug|x64
		{B0DE85FB-D9D5-3A6F-9570-0B9B8610AE9F}.Release|x64.ActiveCfg = Release|x64
		{B0DE85FB-D9D5-3A6F-9570-0B9B8610AE9F}.Release|x64.Build.0 = Release|x64
		{B0DE85FB-D9D5-3A6F-9570-0B9B8610AE9F}.MinSizeRel|x64.ActiveCfg = MinSizeRel|x64
		{B0DE85FB-D9D5-3A6F-9570-0B9B8610AE9F}.MinSizeRel|x64.Build.0 = MinSizeRel|x64
		{B0DE85FB-D9D5-3A6F-9570-0B9B8610AE9F}.RelWithDebInfo|x64.ActiveCfg = RelWithDebInfo|x64
		{B0DE85FB-D9D5-3A6F-9570-0B9B8610AE9F}.RelWithDebInfo|x64.Build.0 = RelWithDebInfo|x64
		{88B1435C-9E8D-3325-8704-216CA4B281D0}.Debug|x64.ActiveCfg = Debug|x64
		{88B1435C-9E8D-3325-8704-216CA4B281D0}.Debug|x64.Build.0 = Debug|x64
		{88B1435C-9E8D-3325-8704-216CA4B281D0}.Release|x64.ActiveCfg = Release|x64
		{88B1435C-9E8D-3325-8704-216CA4B281D0}.Release|x64.Build.0 = Release|x64
		{88B1435C-9E8D-3325-8704-216CA4B281D0}.MinSizeRel|x64.ActiveCfg = MinSizeRel|x64
		{88B1435C-9E8D-3325-8704-216CA4B281D0}.MinSizeRel|x64.Build.0 = MinSizeRel|x64
		{88B1435C-9E8D-3325-8704-216CA4B281D0}.RelWithDebInfo|x64.ActiveCfg = RelWithDebInfo|x64
		{88B1435C-9E8D-3325-8704-216CA4B281D0}.RelWithDebInfo|x64.Build.0 = RelWithDebInfo|x64
		{7288FB4C-102C-3942-96CF-9B14199A5D4E}.Debug|x64.ActiveCfg = Debug|x64
		{7288FB4C-102C-3942-96CF-9B14199A5D4E}.Debug|x64.Build.0 = Debug|x64
		{7288FB4C-102C-3942-96CF-9B14199A5D4E}.Release|x64.ActiveCfg = Release|x64
		{7288FB4C-102C-3942-96CF-9B14199A5D4E}.Release|x64.Build.0 = Release|x64
		{7288FB4C-102C-3942-96CF-9B14199A5D4E}.MinSizeRel|x64.ActiveCfg = MinSizeRel|x64
		{7288FB4C-102C-3942-96CF-9B14199A5D4E}.MinSizeRel|x64.Build.0 = MinSizeRel|x64
		{7288FB4C-102C-3942-96CF-9B14199A5D4E}.RelWithDebInfo|x64.ActiveCfg = RelWithDebInfo|x64
		{7288FB4C-102C-3942-96CF-9B14199A5D4E}.RelWithDebInfo|x64.Build.0 = RelWithDebInfo|x64
		{7295F4CD-D3CE-3AD4-99A2-6098DB56C2D3}.Debug|x64.ActiveCfg = Debug|x64
		{7295F4CD-D3CE-3AD4-99A2-6098DB56C2D3}.Debug|x64.Build.0 = Debug|x64
		{7295F4CD-D3CE-3AD4-99A2-6098DB56C2D3}.Release|x64.ActiveCfg = Release|x64
		{7295F4CD-D3CE-3AD4-99A2-6098DB56C2D3}.Release|x64.Build.0 = Release|x64
		{7295F4CD-D3CE-3AD4-99A2-6098DB56C2D3}.MinSizeRel|x64.ActiveCfg = MinSizeRel|x64
		{7295F4CD-D3CE-3AD4-99A2-6098DB56C2D3}.MinSizeRel|x64.Build.0 = MinSizeRel|x64
		{7295F4CD-D3CE-3AD4-99A2-6098DB56C2D3}.RelWithDebInfo|x64.ActiveCfg = RelWithDebInfo|x64
		{7295F4CD-D3CE-3AD4-99A2-6098DB56C2D3}.RelWithDebInfo|x64.Build.0 = RelWithDebInfo|x64
		{A7FD3384-EF1B-3DC3-ABBD-90EE11BA266E}.Debug|x64.ActiveCfg = Debug|x64
		{A7FD3384-EF1B-3DC3-ABBD-90EE11BA266E}.Debug|x64.Build.0 = Debug|x64
		{A7FD3384-EF1B-3DC3-ABBD-90EE11BA266E}.Release|x64.ActiveCfg = Release|x64
		{A7FD3384-EF1B-3DC3-ABBD-90EE11BA266E}.Release|x64.Build.0 = Release|x64
		{A7FD3384-EF1B-3DC3-ABBD-90EE11BA266E}.MinSizeRel|x64.ActiveCfg = MinSizeRel|x64
		{A7FD3384-EF1B-3DC3-ABBD-90EE11BA266E}.MinSizeRel|x64.Build.0 = MinSizeRel|x64
		{A7FD3384-EF1B-3DC3-ABBD-90EE11BA266E}.RelWithDebInfo|x64.ActiveCfg = RelWithDebInfo|x64
		{A7FD3384-EF1B-3DC3-ABBD-90EE11BA266E}.RelWithDebInfo|x64.Build.0 = RelWithDebInfo|x64
		{AA7B86A7-A53E-31F8-931A-CD0A78D2CF6A}.Debug|x64.ActiveCfg = Debug|x64
		{AA7B86A7-A53E-31F8-931A-CD0A78D2CF6A}.Debug|x64.Build.0 = Debug|x64
		{AA7B86A7-A53E-31F8-931A-CD0A78D2CF6A}.Release|x64.ActiveCfg = Release|x64
		{AA7B86A7-A53E-31F8-931A-CD0A78D2CF6A}.Release|x64.Build.0 = Release|x64
		{AA7B86A7-A53E-31F8-931A-CD0A78D2CF6A}.MinSizeRel|x64.ActiveCfg = MinSizeRel|x64
		{AA7B86A7-A53E-31F8-931A-CD0A78D2CF6A}.MinSizeRel|x64.Build.0 = MinSizeRel|x64
		{AA7B86A7-A53E-31F8-931A-CD0A78D2CF6A}.RelWithDebInfo|x64.ActiveCfg = RelWithDebInfo|x64
		{AA7B86A7-A53E-31F8-931A-CD0A78D2CF6A}.RelWithDebInfo|x64.Build.0 = RelWithDebInfo|x64
		{027C29EF-2346-3710-80F2-D35A3E62A856}.Debug|x64.ActiveCfg = Debug|x64
		{027C29EF-2346-3710-80F2-D35A3E62A856}.Debug|x64.Build.0 = Debug|x64
		{027C29EF-2346-3710-80F2-D35A3E62A856}.Release|x64.ActiveCfg = Release|x64
		{027C29EF-2346-3710-80F2-D35A3E62A856}.Release|x64.Build.0 = Release|x64
		{027C29EF-2346-3710-80F2-D35A3E62A856}.MinSizeRel|x64.ActiveCfg = MinSizeRel|x64
		{027C29EF-2346-3710-80F2-D35A3E62A856}.MinSizeRel|x64.Build.0 = MinSizeRel|x64
		{027C29EF-2346-3710-80F2-D35A3E62A856}.RelWithDebInfo|x64.ActiveCfg = RelWithDebInfo|x64
		{027C29EF-2346-3710-80F2-D35A3E62A856}.RelWithDebInfo|x64.Build.0 = RelWithDebInfo|x64
		{D9859171-23AB-3ED3-B564-CFEC9F59FB31}.Debug|x64.ActiveCfg = Debug|x64
		{D9859171-23AB-3ED3-B564-CFEC9F59FB31}.Debug|x64.Build.0 = Debug|x64
		{D9859171-23AB-3ED3-B564-CFEC9F59FB31}.Release|x64.ActiveCfg = Release|x64
		{D9859171-23AB-3ED3-B564-CFEC9F59FB31}.Release|x64.Build.0 = Release|x64
		{D9859171-23AB-3ED3-B564-CFEC9F59FB31}.MinSizeRel|x64.ActiveCfg = MinSizeRel|x64
		{D9859171-23AB-3ED3-B564-CFEC9F59FB31}.MinSizeRel|x64.Build.0 = MinSizeRel|x64
		{D9859171-23AB-3ED3-B564-CFEC9F59FB31}.RelWithDebInfo|x64.ActiveCfg = RelWithDebInfo|x64
		{D9859171-23AB-3ED3-B564-CFEC9F59FB31}.RelWithDebInfo|x64.Build.0 = RelWithDebInfo|x64
		{73EE138A-B56B-39F8-A53A-6AB626EC16F6}.Debug|x64.ActiveCfg = Debug|x64
		{73EE138A-B56B-39F8-A53A-6AB626EC16F6}.Debug|x64.Build.0 = Debug|x64
		{73EE138A-B56B-39F8-A53A-6AB626EC16F6}.Release|x64.ActiveCfg = Release|x64
		{73EE138A-B56B-39F8-A53A-6AB626EC16F6}.Release|x64.Build.0 = Release|x64
		{73EE138A-B56B-39F8-A53A-6AB626EC16F6}.MinSizeRel|x64.ActiveCfg = MinSizeRel|x64
		{73EE138A-B56B-39F8-A53A-6AB626EC16F6}.MinSizeRel|x64.Build.0 = MinSizeRel|x64
		{73EE138A-B56B-39F8-A53A-6AB626EC16F6}.RelWithDebInfo|x64.ActiveCfg = RelWithDebInfo|x64
		{73EE138A-B56B-39F8-A53A-6AB626EC16F6}.RelWithDebInfo|x64.Build.0 = RelWithDebInfo|x64
		{9707BA8F-99AC-366B-A473-6411D3B7C0F8}.Debug|x64.ActiveCfg = Debug|x64
		{9707BA8F-99AC-366B-A473-6411D3B7C0F8}.Debug|x64.Build.0 = Debug|x64
		{9707BA8F-99AC-366B-A473-6411D3B7C0F8}.Release|x64.ActiveCfg = Release|x64
		{9707BA8F-99AC-366B-A473-6411D3B7C0F8}.Release|x64.Build.0 = Release|x64
		{9707BA8F-99AC-366B-A473-6411D3B7C0F8}.MinSizeRel|x64.ActiveCfg = MinSizeRel|x64
		{9707BA8F-99AC-366B-A473-6411D3B7C0F8}.MinSizeRel|x64.Build.0 = MinSizeRel|x64
		{9707BA8F-99AC-366B-A473-6411D3B7C0F8}.RelWithDebInfo|x64.ActiveCfg = RelWithDebInfo|x64
		{9707BA8F-99AC-366B-A473-6411D3B7C0F8}.RelWithDebInfo|x64.Build.0 = RelWithDebInfo|x64
		{E77C9C84-373F-3923-930B-326CB53E3202}.Debug|x64.ActiveCfg = Debug|x64
		{E77C9C84-373F-3923-930B-326CB53E3202}.Debug|x64.Build.0 = Debug|x64
		{E77C9C84-373F-3923-930B-326CB53E3202}.Release|x64.ActiveCfg = Release|x64
		{E77C9C84-373F-3923-930B-326CB53E3202}.Release|x64.Build.0 = Release|x64
		{E77C9C84-373F-3923-930B-326CB53E3202}.MinSizeRel|x64.ActiveCfg = MinSizeRel|x64
		{E77C9C84-373F-3923-930B-326CB53E3202}.MinSizeRel|x64.Build.0 = MinSizeRel|x64
		{E77C9C84-373F-3923-930B-326CB53E3202}.RelWithDebInfo|x64.ActiveCfg = RelWithDebInfo|x64
		{E77C9C84-373F-3923-930B-326CB53E3202}.RelWithDebInfo|x64.Build.0 = RelWithDebInfo|x64
		{250B6E04-23F4-31AC-80FF-646C86C43FCB}.Debug|x64.ActiveCfg = Debug|x64
		{250B6E04-23F4-31AC-80FF-646C86C43FCB}.Debug|x64.Build.0 = Debug|x64
		{250B6E04-23F4-31AC-80FF-646C86C43FCB}.Release|x64.ActiveCfg = Release|x64
		{250B6E04-23F4-31AC-80FF-646C86C43FCB}.Release|x64.Build.0 = Release|x64
		{250B6E04-23F4-31AC-80FF-646C86C43FCB}.MinSizeRel|x64.ActiveCfg = MinSizeRel|x64
		{250B6E04-23F4-31AC-80FF-646C86C43FCB}.MinSizeRel|x64.Build.0 = MinSizeRel|x64
		{250B6E04-23F4-31AC-80FF-646C86C43FCB}.RelWithDebInfo|x64.ActiveCfg = RelWithDebInfo|x64
		{250B6E04-23F4-31AC-80FF-646C86C43FCB}.RelWithDebInfo|x64.Build.0 = RelWithDebInfo|x64
		{CF984EF1-14B8-30F0-AE82-666A96A882D9}.Debug|x64.ActiveCfg = Debug|x64
		{CF984EF1-14B8-30F0-AE82-666A96A882D9}.Debug|x64.Build.0 = Debug|x64
		{CF984EF1-14B8-30F0-AE82-666A96A882D9}.Release|x64.ActiveCfg = Release|x64
		{CF984EF1-14B8-30F0-AE82-666A96A882D9}.Release|x64.Build.0 = Release|x64
		{CF984EF1-14B8-30F0-AE82-666A96A882D9}.MinSizeRel|x64.ActiveCfg = MinSizeRel|x64
		{CF984EF1-14B8-30F0-AE82-666A96A882D9}.MinSizeRel|x64.Build.0 = MinSizeRel|x64
		{CF984EF1-14B8-30F0-AE82-666A96A882D9}.RelWithDebInfo|x64.ActiveCfg = RelWithDebInfo|x64
		{CF984EF1-14B8-30F0-AE82-666A96A882D9}.RelWithDebInfo|x64.Build.0 = RelWithDebInfo|x64
		{6AAE6B7F-8E6D-30D3-9C10-933459DBD519}.Debug|x64.ActiveCfg = Debug|x64
		{6AAE6B7F-8E6D-30D3-9C10-933459DBD519}.Debug|x64.Build.0 = Debug|x64
		{6AAE6B7F-8E6D-30D3-9C10-933459DBD519}.Release|x64.ActiveCfg = Release|x64
		{6AAE6B7F-8E6D-30D3-9C10-933459DBD519}.Release|x64.Build.0 = Release|x64
		{6AAE6B7F-8E6D-30D3-9C10-933459DBD519}.MinSizeRel|x64.ActiveCfg = MinSizeRel|x64
		{6AAE6B7F-8E6D-30D3-9C10-933459DBD519}.MinSizeRel|x64.Build.0 = MinSizeRel|x64
		{6AAE6B7F-8E6D-30D3-9C10-933459DBD519}.RelWithDebInfo|x64.ActiveCfg = RelWithDebInfo|x64
		{6AAE6B7F-8E6D-30D3-9C10-933459DBD519}.RelWithDebInfo|x64.Build.0 = RelWithDebInfo|x64
		{00D0DF4D-BC89-3AFE-998B-0105AD143660}.Debug|x64.ActiveCfg = Debug|x64
		{00D0DF4D-BC89-3AFE-998B-0105AD143660}.Debug|x64.Build.0 = Debug|x64
		{00D0DF4D-BC89-3AFE-998B-0105AD143660}.Release|x64.ActiveCfg = Release|x64
		{00D0DF4D-BC89-3AFE-998B-0105AD143660}.Release|x64.Build.0 = Release|x64
		{00D0DF4D-BC89-3AFE-998B-0105AD143660}.MinSizeRel|x64.ActiveCfg = MinSizeRel|x64
		{00D0DF4D-BC89-3AFE-998B-0105AD143660}.MinSizeRel|x64.Build.0 = MinSizeRel|x64
		{00D0DF4D-BC89-3AFE-998B-0105AD143660}.RelWithDebInfo|x64.ActiveCfg = RelWithDebInfo|x64
		{00D0DF4D-BC89-3AFE-998B-0105AD143660}.RelWithDebInfo|x64.Build.0 = RelWithDebInfo|x64
	EndGlobalSection
	GlobalSection(NestedProjects) = preSolution
		{B21C0CDB-A4BD-3BF4-B329-E2BD72D537E9} = {2DBFC889-E74F-34AE-8BF1-49C1B117C0A7}
		{C296DB7C-F094-328D-BC4E-F78F311727E6} = {2DBFC889-E74F-34AE-8BF1-49C1B117C0A7}
		{CF65A832-752C-3368-B7A7-CBC9753FB9FD} = {2DBFC889-E74F-34AE-8BF1-49C1B117C0A7}
		{62598458-75DA-35AC-89CB-BA1845420AE0} = {2DBFC889-E74F-34AE-8BF1-49C1B117C0A7}
		{6EF5805D-3CA1-3C85-9FE2-8790EB056C15} = {4D52F4B0-6BA1-3974-88E7-E4E6888FABF8}
		{E77C9C84-373F-3923-930B-326CB53E3202} = {4D52F4B0-6BA1-3974-88E7-E4E6888FABF8}
		{CF984EF1-14B8-30F0-AE82-666A96A882D9} = {4D52F4B0-6BA1-3974-88E7-E4E6888FABF8}
		{6AAE6B7F-8E6D-30D3-9C10-933459DBD519} = {4D52F4B0-6BA1-3974-88E7-E4E6888FABF8}
		{00D0DF4D-BC89-3AFE-998B-0105AD143660} = {4D52F4B0-6BA1-3974-88E7-E4E6888FABF8}
		{B83D84B0-DD44-36E8-822F-C9EAA17FB544} = {7C27F0F8-88F5-3BE8-B69D-65259ACEA53A}
		{D50ED7DF-619E-38F1-8206-6866853CF3BE} = {7C27F0F8-88F5-3BE8-B69D-65259ACEA53A}
		{5E354EE1-6714-3C83-B834-D3729ABDA03B} = {7C27F0F8-88F5-3BE8-B69D-65259ACEA53A}
		{11E49060-6A5F-3B89-BF2D-8B4D5BE6CDFA} = {7C27F0F8-88F5-3BE8-B69D-65259ACEA53A}
		{77834251-6AB8-3943-BACC-8CC231A0D8BE} = {7C27F0F8-88F5-3BE8-B69D-65259ACEA53A}
		{E269AD13-09C8-3E6F-80D9-4DCF80B08326} = {7C27F0F8-88F5-3BE8-B69D-65259ACEA53A}
		{62F36BC7-217A-3834-8A90-A91F07FFE2AD} = {7C27F0F8-88F5-3BE8-B69D-65259ACEA53A}
		{3D9CF152-BF6E-373D-8523-C81A74BC6F31} = {7C27F0F8-88F5-3BE8-B69D-65259ACEA53A}
		{CE8287AD-9183-386F-86F0-5F62BAADDACE} = {7C27F0F8-88F5-3BE8-B69D-65259ACEA53A}
		{6388C968-7078-3FAC-8DB2-F36CBCBD724E} = {7C27F0F8-88F5-3BE8-B69D-65259ACEA53A}
		{902C2A07-61F9-3DA9-BD4A-BA5835302286} = {7C27F0F8-88F5-3BE8-B69D-65259ACEA53A}
		{161E00E5-AC80-3418-B097-5F12C810C7B3} = {7C27F0F8-88F5-3BE8-B69D-65259ACEA53A}
		{C12EB5A0-B179-3B32-9503-651D5346D6A4} = {7C27F0F8-88F5-3BE8-B69D-65259ACEA53A}
		{C34E7A52-0A8E-3D06-908F-4BE749942F6E} = {7C27F0F8-88F5-3BE8-B69D-65259ACEA53A}
		{102B8C0D-6BBC-378C-ABD6-A773FEAEAC3F} = {7C27F0F8-88F5-3BE8-B69D-65259ACEA53A}
		{78A70877-61DA-3661-8521-F864E3FF559D} = {7C27F0F8-88F5-3BE8-B69D-65259ACEA53A}
		{A13DD843-54C4-32C6-9EB9-77BEBE90F454} = {7C27F0F8-88F5-3BE8-B69D-65259ACEA53A}
		{B3EC5340-C9C9-3F2F-B2BD-38D54AC30257} = {7C27F0F8-88F5-3BE8-B69D-65259ACEA53A}
		{5B66B555-6AB2-3F4C-B42F-99C22A13BECC} = {7C27F0F8-88F5-3BE8-B69D-65259ACEA53A}
		{7C938AAD-CE3D-3258-B8EE-47B1F7D6E91F} = {7C27F0F8-88F5-3BE8-B69D-65259ACEA53A}
		{40D74CC4-F9D2-3E75-AFB1-EA390445777E} = {7C27F0F8-88F5-3BE8-B69D-65259ACEA53A}
		{C20D33DA-0AB1-3205-A649-F2EEAC448B6D} = {7C27F0F8-88F5-3BE8-B69D-65259ACEA53A}
		{D2681681-FAE4-3BEE-988B-373E74F8F645} = {7C27F0F8-88F5-3BE8-B69D-65259ACEA53A}
		{D6E62CF8-1F87-34C3-8FE5-57CCCD57B85D} = {7C27F0F8-88F5-3BE8-B69D-65259ACEA53A}
		{C61DDD0D-0C14-3DE0-AE97-50FBF4A77D47} = {7C27F0F8-88F5-3BE8-B69D-65259ACEA53A}
		{6C18BF0E-4A2D-3B08-A01A-BB8463F168FC} = {7C27F0F8-88F5-3BE8-B69D-65259ACEA53A}
		{4AC34A6B-7F46-37C3-805F-9F8ADFDB4573} = {7C27F0F8-88F5-3BE8-B69D-65259ACEA53A}
		{59BBFEB1-A318-3018-95AC-C3E7756D4CE9} = {7C27F0F8-88F5-3BE8-B69D-65259ACEA53A}
		{B0DE85FB-D9D5-3A6F-9570-0B9B8610AE9F} = {7C27F0F8-88F5-3BE8-B69D-65259ACEA53A}
		{88B1435C-9E8D-3325-8704-216CA4B281D0} = {7C27F0F8-88F5-3BE8-B69D-65259ACEA53A}
		{7288FB4C-102C-3942-96CF-9B14199A5D4E} = {7C27F0F8-88F5-3BE8-B69D-65259ACEA53A}
		{7295F4CD-D3CE-3AD4-99A2-6098DB56C2D3} = {7C27F0F8-88F5-3BE8-B69D-65259ACEA53A}
		{A7FD3384-EF1B-3DC3-ABBD-90EE11BA266E} = {7C27F0F8-88F5-3BE8-B69D-65259ACEA53A}
		{AA7B86A7-A53E-31F8-931A-CD0A78D2CF6A} = {7C27F0F8-88F5-3BE8-B69D-65259ACEA53A}
		{027C29EF-2346-3710-80F2-D35A3E62A856} = {7C27F0F8-88F5-3BE8-B69D-65259ACEA53A}
	EndGlobalSection
	GlobalSection(ExtensibilityGlobals) = postSolution
		SolutionGuid = {3DBB0918-E508-3F19-A55B-7A68D55D62AF}
	EndGlobalSection
	GlobalSection(ExtensibilityAddIns) = postSolution
	EndGlobalSection
EndGlobal
