<?xml version="1.0" encoding="utf-8"?>
<Project ToolsVersion="17.0" xmlns="http://schemas.microsoft.com/developer/msbuild/2003">
  <ItemGroup>
    <ClCompile Include="C:\Users\sergi\Desktop\mysql-connector-odbc-9.0.0\util\stringutil.cc">
      <Filter>Source Files</Filter>
    </ClCompile>
    <ClCompile Include="C:\Users\sergi\Desktop\mysql-connector-odbc-9.0.0\util\unicode_transcode.cc">
      <Filter>Source Files</Filter>
    </ClCompile>
    <ClCompile Include="C:\Users\sergi\Desktop\mysql-connector-odbc-9.0.0\util\installer.cc">
      <Filter>Source Files</Filter>
    </ClCompile>
  </ItemGroup>
  <ItemGroup>
    <ClInclude Include="C:\Users\sergi\Desktop\mysql-connector-odbc-9.0.0\util\stringutil.h">
      <Filter>Header Files</Filter>
    </ClInclude>
    <ClInclude Include="C:\Users\sergi\Desktop\mysql-connector-odbc-9.0.0\util\installer.h">
      <Filter>Header Files</Filter>
    </ClInclude>
  </ItemGroup>
  <ItemGroup>
    <CustomBuild Include="C:\Users\sergi\Desktop\mysql-connector-odbc-9.0.0\util\CMakeLists.txt" />
  </ItemGroup>
  <ItemGroup>
    <Filter Include="Header Files">
      <UniqueIdentifier>{AA480B47-DB4E-38E2-97EB-247E905A167F}</UniqueIdentifier>
    </Filter>
    <Filter Include="Source Files">
      <UniqueIdentifier>{BC75A55F-6009-34DB-B874-49393A3EF652}</UniqueIdentifier>
    </Filter>
  </ItemGroup>
</Project>
